// !$*UTF8*$!
{
	archiveVersion = 1;
	classes = {
	};
	objectVersion = 46;
	objects = {

/* Begin PBXBuildFile section */
		1100D8491BF848AB00189D46 /* AppDelegate.swift in Sources */ = {isa = PBXBuildFile; fileRef = 1100D8481BF848AB00189D46 /* AppDelegate.swift */; };
		1100D84B1BF848AB00189D46 /* MainViewController.swift in Sources */ = {isa = PBXBuildFile; fileRef = 1100D84A1BF848AB00189D46 /* MainViewController.swift */; };
		1100D8511BF848AB00189D46 /* PrototypeBase.xcdatamodeld in Sources */ = {isa = PBXBuildFile; fileRef = 1100D84F1BF848AB00189D46 /* PrototypeBase.xcdatamodeld */; };
		1100D8531BF848AB00189D46 /* Assets.xcassets in Resources */ = {isa = PBXBuildFile; fileRef = 1100D8521BF848AB00189D46 /* Assets.xcassets */; };
		1100D8611BF848AB00189D46 /* PrototypeBaseTests.swift in Sources */ = {isa = PBXBuildFile; fileRef = 1100D8601BF848AB00189D46 /* PrototypeBaseTests.swift */; };
		1100D86C1BF848AB00189D46 /* PrototypeBaseUITests.swift in Sources */ = {isa = PBXBuildFile; fileRef = 1100D86B1BF848AB00189D46 /* PrototypeBaseUITests.swift */; };
		1100D87A1BF849F000189D46 /* Podfile in Resources */ = {isa = PBXBuildFile; fileRef = 1100D8791BF849F000189D46 /* Podfile */; };
		1100D8871BF853FA00189D46 /* Default-568h@2x.png in Resources */ = {isa = PBXBuildFile; fileRef = 1100D8861BF853FA00189D46 /* Default-568h@2x.png */; };
		1100D8881BF853FA00189D46 /* Default-568h@2x.png in Resources */ = {isa = PBXBuildFile; fileRef = 1100D8861BF853FA00189D46 /* Default-568h@2x.png */; };
		1100D8891BF853FA00189D46 /* Default-568h@2x.png in Resources */ = {isa = PBXBuildFile; fileRef = 1100D8861BF853FA00189D46 /* Default-568h@2x.png */; };
		1100D88E1BF854D600189D46 /* UIColor+AppColor.swift in Sources */ = {isa = PBXBuildFile; fileRef = 1100D88D1BF854D600189D46 /* UIColor+AppColor.swift */; };
		1100D88F1BF854D600189D46 /* UIColor+AppColor.swift in Sources */ = {isa = PBXBuildFile; fileRef = 1100D88D1BF854D600189D46 /* UIColor+AppColor.swift */; };
		1100D8901BF854D600189D46 /* UIColor+AppColor.swift in Sources */ = {isa = PBXBuildFile; fileRef = 1100D88D1BF854D600189D46 /* UIColor+AppColor.swift */; };
		C73093E32E6D4D6FC996B6C9 /* Pods_PrototypeBase.framework in Frameworks */ = {isa = PBXBuildFile; fileRef = C644B850979E94B34EAAA5C6 /* Pods_PrototypeBase.framework */; };
/* End PBXBuildFile section */

/* Begin PBXContainerItemProxy section */
		1100D85D1BF848AB00189D46 /* PBXContainerItemProxy */ = {
			isa = PBXContainerItemProxy;
			containerPortal = 1100D83D1BF848AB00189D46 /* Project object */;
			proxyType = 1;
			remoteGlobalIDString = 1100D8441BF848AB00189D46;
			remoteInfo = PrototypeBase;
		};
		1100D8681BF848AB00189D46 /* PBXContainerItemProxy */ = {
			isa = PBXContainerItemProxy;
			containerPortal = 1100D83D1BF848AB00189D46 /* Project object */;
			proxyType = 1;
			remoteGlobalIDString = 1100D8441BF848AB00189D46;
			remoteInfo = PrototypeBase;
		};
/* End PBXContainerItemProxy section */

/* Begin PBXFileReference section */
		1100D8451BF848AB00189D46 /* PrototypeBase.app */ = {isa = PBXFileReference; explicitFileType = wrapper.application; includeInIndex = 0; path = PrototypeBase.app; sourceTree = BUILT_PRODUCTS_DIR; };
		1100D8481BF848AB00189D46 /* AppDelegate.swift */ = {isa = PBXFileReference; lastKnownFileType = sourcecode.swift; path = AppDelegate.swift; sourceTree = "<group>"; };
		1100D84A1BF848AB00189D46 /* MainViewController.swift */ = {isa = PBXFileReference; lastKnownFileType = sourcecode.swift; path = MainViewController.swift; sourceTree = "<group>"; };
		1100D8501BF848AB00189D46 /* PrototypeBase.xcdatamodel */ = {isa = PBXFileReference; lastKnownFileType = wrapper.xcdatamodel; path = PrototypeBase.xcdatamodel; sourceTree = "<group>"; };
		1100D8521BF848AB00189D46 /* Assets.xcassets */ = {isa = PBXFileReference; lastKnownFileType = folder.assetcatalog; path = Assets.xcassets; sourceTree = "<group>"; };
		1100D8571BF848AB00189D46 /* Info.plist */ = {isa = PBXFileReference; lastKnownFileType = text.plist.xml; path = Info.plist; sourceTree = "<group>"; };
		1100D85C1BF848AB00189D46 /* PrototypeBaseTests.xctest */ = {isa = PBXFileReference; explicitFileType = wrapper.cfbundle; includeInIndex = 0; path = PrototypeBaseTests.xctest; sourceTree = BUILT_PRODUCTS_DIR; };
		1100D8601BF848AB00189D46 /* PrototypeBaseTests.swift */ = {isa = PBXFileReference; lastKnownFileType = sourcecode.swift; path = PrototypeBaseTests.swift; sourceTree = "<group>"; };
		1100D8621BF848AB00189D46 /* Info.plist */ = {isa = PBXFileReference; lastKnownFileType = text.plist.xml; path = Info.plist; sourceTree = "<group>"; };
		1100D8671BF848AB00189D46 /* PrototypeBaseUITests.xctest */ = {isa = PBXFileReference; explicitFileType = wrapper.cfbundle; includeInIndex = 0; path = PrototypeBaseUITests.xctest; sourceTree = BUILT_PRODUCTS_DIR; };
		1100D86B1BF848AB00189D46 /* PrototypeBaseUITests.swift */ = {isa = PBXFileReference; lastKnownFileType = sourcecode.swift; path = PrototypeBaseUITests.swift; sourceTree = "<group>"; };
		1100D86D1BF848AB00189D46 /* Info.plist */ = {isa = PBXFileReference; lastKnownFileType = text.plist.xml; path = Info.plist; sourceTree = "<group>"; };
		1100D8791BF849F000189D46 /* Podfile */ = {isa = PBXFileReference; fileEncoding = 4; lastKnownFileType = text; name = Podfile; path = ../Podfile; sourceTree = "<group>"; };
		1100D8861BF853FA00189D46 /* Default-568h@2x.png */ = {isa = PBXFileReference; lastKnownFileType = image.png; path = "Default-568h@2x.png"; sourceTree = "<group>"; };
		1100D88D1BF854D600189D46 /* UIColor+AppColor.swift */ = {isa = PBXFileReference; fileEncoding = 4; lastKnownFileType = sourcecode.swift; path = "UIColor+AppColor.swift"; sourceTree = "<group>"; };
		84592943D0710470358FE4D4 /* Pods-PrototypeBase.release.xcconfig */ = {isa = PBXFileReference; includeInIndex = 1; lastKnownFileType = text.xcconfig; name = "Pods-PrototypeBase.release.xcconfig"; path = "Pods/Target Support Files/Pods-PrototypeBase/Pods-PrototypeBase.release.xcconfig"; sourceTree = "<group>"; };
		BDA0C0B5E1AA7E792C5ACA63 /* Pods-PrototypeBase.debug.xcconfig */ = {isa = PBXFileReference; includeInIndex = 1; lastKnownFileType = text.xcconfig; name = "Pods-PrototypeBase.debug.xcconfig"; path = "Pods/Target Support Files/Pods-PrototypeBase/Pods-PrototypeBase.debug.xcconfig"; sourceTree = "<group>"; };
		C644B850979E94B34EAAA5C6 /* Pods_PrototypeBase.framework */ = {isa = PBXFileReference; explicitFileType = wrapper.framework; includeInIndex = 0; path = Pods_PrototypeBase.framework; sourceTree = BUILT_PRODUCTS_DIR; };
/* End PBXFileReference section */

/* Begin PBXFrameworksBuildPhase section */
		1100D8421BF848AB00189D46 /* Frameworks */ = {
			isa = PBXFrameworksBuildPhase;
			buildActionMask = 2147483647;
			files = (
				C73093E32E6D4D6FC996B6C9 /* Pods_PrototypeBase.framework in Frameworks */,
			);
			runOnlyForDeploymentPostprocessing = 0;
		};
		1100D8591BF848AB00189D46 /* Frameworks */ = {
			isa = PBXFrameworksBuildPhase;
			buildActionMask = 2147483647;
			files = (
			);
			runOnlyForDeploymentPostprocessing = 0;
		};
		1100D8641BF848AB00189D46 /* Frameworks */ = {
			isa = PBXFrameworksBuildPhase;
			buildActionMask = 2147483647;
			files = (
			);
			runOnlyForDeploymentPostprocessing = 0;
		};
/* End PBXFrameworksBuildPhase section */

/* Begin PBXGroup section */
		1100D83C1BF848AB00189D46 = {
			isa = PBXGroup;
			children = (
				1100D8471BF848AB00189D46 /* PrototypeBase */,
				1100D85F1BF848AB00189D46 /* PrototypeBaseTests */,
				1100D86A1BF848AB00189D46 /* PrototypeBaseUITests */,
				1100D8461BF848AB00189D46 /* Products */,
				919AAFA9210157004E982B21 /* Pods */,
				63BAD4D6121D60217B01BE39 /* Frameworks */,
			);
			sourceTree = "<group>";
		};
		1100D8461BF848AB00189D46 /* Products */ = {
			isa = PBXGroup;
			children = (
				1100D8451BF848AB00189D46 /* PrototypeBase.app */,
				1100D85C1BF848AB00189D46 /* PrototypeBaseTests.xctest */,
				1100D8671BF848AB00189D46 /* PrototypeBaseUITests.xctest */,
			);
			name = Products;
			sourceTree = "<group>";
		};
		1100D8471BF848AB00189D46 /* PrototypeBase */ = {
			isa = PBXGroup;
			children = (
				1100D87E1BF84A9500189D46 /* Models */,
				1100D87D1BF84A9000189D46 /* Controllers */,
				1100D87C1BF84A8700189D46 /* UI */,
				1100D87B1BF84A6D00189D46 /* SupportingFiles */,
			);
			path = PrototypeBase;
			sourceTree = "<group>";
		};
		1100D85F1BF848AB00189D46 /* PrototypeBaseTests */ = {
			isa = PBXGroup;
			children = (
				1100D8601BF848AB00189D46 /* PrototypeBaseTests.swift */,
				1100D8621BF848AB00189D46 /* Info.plist */,
			);
			path = PrototypeBaseTests;
			sourceTree = "<group>";
		};
		1100D86A1BF848AB00189D46 /* PrototypeBaseUITests */ = {
			isa = PBXGroup;
			children = (
				1100D86B1BF848AB00189D46 /* PrototypeBaseUITests.swift */,
				1100D86D1BF848AB00189D46 /* Info.plist */,
			);
			path = PrototypeBaseUITests;
			sourceTree = "<group>";
		};
		1100D87B1BF84A6D00189D46 /* SupportingFiles */ = {
			isa = PBXGroup;
			children = (
				1100D8791BF849F000189D46 /* Podfile */,
				1100D8571BF848AB00189D46 /* Info.plist */,
				1100D8481BF848AB00189D46 /* AppDelegate.swift */,
			);
			name = SupportingFiles;
			sourceTree = "<group>";
		};
		1100D87C1BF84A8700189D46 /* UI */ = {
			isa = PBXGroup;
			children = (
				1100D88C1BF854B200189D46 /* Common */,
				1100D88A1BF8549C00189D46 /* Views */,
				1100D87F1BF84AD100189D46 /* Assets */,
			);
			name = UI;
			sourceTree = "<group>";
		};
		1100D87D1BF84A9000189D46 /* Controllers */ = {
			isa = PBXGroup;
			children = (
				1100D84A1BF848AB00189D46 /* MainViewController.swift */,
			);
			name = Controllers;
			sourceTree = "<group>";
		};
		1100D87E1BF84A9500189D46 /* Models */ = {
			isa = PBXGroup;
			children = (
				1100D84F1BF848AB00189D46 /* PrototypeBase.xcdatamodeld */,
			);
			name = Models;
			sourceTree = "<group>";
		};
		1100D87F1BF84AD100189D46 /* Assets */ = {
			isa = PBXGroup;
			children = (
				1100D8861BF853FA00189D46 /* Default-568h@2x.png */,
				1100D8521BF848AB00189D46 /* Assets.xcassets */,
			);
			name = Assets;
			sourceTree = "<group>";
		};
		1100D88A1BF8549C00189D46 /* Views */ = {
			isa = PBXGroup;
			children = (
				1100D88B1BF854A200189D46 /* Main */,
			);
			name = Views;
			sourceTree = "<group>";
		};
		1100D88B1BF854A200189D46 /* Main */ = {
			isa = PBXGroup;
			children = (
			);
			name = Main;
			sourceTree = "<group>";
		};
		1100D88C1BF854B200189D46 /* Common */ = {
			isa = PBXGroup;
			children = (
				1100D88D1BF854D600189D46 /* UIColor+AppColor.swift */,
			);
			name = Common;
			sourceTree = "<group>";
		};
		63BAD4D6121D60217B01BE39 /* Frameworks */ = {
			isa = PBXGroup;
			children = (
				C644B850979E94B34EAAA5C6 /* Pods_PrototypeBase.framework */,
			);
			name = Frameworks;
			sourceTree = "<group>";
		};
		919AAFA9210157004E982B21 /* Pods */ = {
			isa = PBXGroup;
			children = (
				BDA0C0B5E1AA7E792C5ACA63 /* Pods-PrototypeBase.debug.xcconfig */,
				84592943D0710470358FE4D4 /* Pods-PrototypeBase.release.xcconfig */,
			);
			name = Pods;
			sourceTree = "<group>";
		};
/* End PBXGroup section */

/* Begin PBXNativeTarget section */
		1100D8441BF848AB00189D46 /* PrototypeBase */ = {
			isa = PBXNativeTarget;
			buildConfigurationList = 1100D8701BF848AB00189D46 /* Build configuration list for PBXNativeTarget "PrototypeBase" */;
			buildPhases = (
				5AF23ED3C2EC56FDCF7FFBFB /* Check Pods Manifest.lock */,
				1100D8411BF848AB00189D46 /* Sources */,
				1100D8421BF848AB00189D46 /* Frameworks */,
				1100D8431BF848AB00189D46 /* Resources */,
				09CFBAC234AF06A4E49C9431 /* Embed Pods Frameworks */,
				25FA92C8174E52ED54095F6E /* Copy Pods Resources */,
			);
			buildRules = (
			);
			dependencies = (
			);
			name = PrototypeBase;
			productName = PrototypeBase;
			productReference = 1100D8451BF848AB00189D46 /* PrototypeBase.app */;
			productType = "com.apple.product-type.application";
		};
		1100D85B1BF848AB00189D46 /* PrototypeBaseTests */ = {
			isa = PBXNativeTarget;
			buildConfigurationList = 1100D8731BF848AB00189D46 /* Build configuration list for PBXNativeTarget "PrototypeBaseTests" */;
			buildPhases = (
				1100D8581BF848AB00189D46 /* Sources */,
				1100D8591BF848AB00189D46 /* Frameworks */,
				1100D85A1BF848AB00189D46 /* Resources */,
			);
			buildRules = (
			);
			dependencies = (
				1100D85E1BF848AB00189D46 /* PBXTargetDependency */,
			);
			name = PrototypeBaseTests;
			productName = PrototypeBaseTests;
			productReference = 1100D85C1BF848AB00189D46 /* PrototypeBaseTests.xctest */;
			productType = "com.apple.product-type.bundle.unit-test";
		};
		1100D8661BF848AB00189D46 /* PrototypeBaseUITests */ = {
			isa = PBXNativeTarget;
			buildConfigurationList = 1100D8761BF848AB00189D46 /* Build configuration list for PBXNativeTarget "PrototypeBaseUITests" */;
			buildPhases = (
				1100D8631BF848AB00189D46 /* Sources */,
				1100D8641BF848AB00189D46 /* Frameworks */,
				1100D8651BF848AB00189D46 /* Resources */,
			);
			buildRules = (
			);
			dependencies = (
				1100D8691BF848AB00189D46 /* PBXTargetDependency */,
			);
			name = PrototypeBaseUITests;
			productName = PrototypeBaseUITests;
			productReference = 1100D8671BF848AB00189D46 /* PrototypeBaseUITests.xctest */;
			productType = "com.apple.product-type.bundle.ui-testing";
		};
/* End PBXNativeTarget section */

/* Begin PBXProject section */
		1100D83D1BF848AB00189D46 /* Project object */ = {
			isa = PBXProject;
			attributes = {
				LastUpgradeCheck = 0710;
				ORGANIZATIONNAME = "Bijit Halder";
				TargetAttributes = {
					1100D8441BF848AB00189D46 = {
						CreatedOnToolsVersion = 7.1;
					};
					1100D85B1BF848AB00189D46 = {
						CreatedOnToolsVersion = 7.1;
						TestTargetID = 1100D8441BF848AB00189D46;
					};
					1100D8661BF848AB00189D46 = {
						CreatedOnToolsVersion = 7.1;
						TestTargetID = 1100D8441BF848AB00189D46;
					};
				};
			};
			buildConfigurationList = 1100D8401BF848AB00189D46 /* Build configuration list for PBXProject "PrototypeBase" */;
			compatibilityVersion = "Xcode 3.2";
			developmentRegion = English;
			hasScannedForEncodings = 0;
			knownRegions = (
				en,
				Base,
			);
			mainGroup = 1100D83C1BF848AB00189D46;
			productRefGroup = 1100D8461BF848AB00189D46 /* Products */;
			projectDirPath = "";
			projectRoot = "";
			targets = (
				1100D8441BF848AB00189D46 /* PrototypeBase */,
				1100D85B1BF848AB00189D46 /* PrototypeBaseTests */,
				1100D8661BF848AB00189D46 /* PrototypeBaseUITests */,
			);
		};
/* End PBXProject section */

/* Begin PBXResourcesBuildPhase section */
		1100D8431BF848AB00189D46 /* Resources */ = {
			isa = PBXResourcesBuildPhase;
			buildActionMask = 2147483647;
			files = (
				1100D8531BF848AB00189D46 /* Assets.xcassets in Resources */,
				1100D87A1BF849F000189D46 /* Podfile in Resources */,
				1100D8871BF853FA00189D46 /* Default-568h@2x.png in Resources */,
			);
			runOnlyForDeploymentPostprocessing = 0;
		};
		1100D85A1BF848AB00189D46 /* Resources */ = {
			isa = PBXResourcesBuildPhase;
			buildActionMask = 2147483647;
			files = (
				1100D8881BF853FA00189D46 /* Default-568h@2x.png in Resources */,
			);
			runOnlyForDeploymentPostprocessing = 0;
		};
		1100D8651BF848AB00189D46 /* Resources */ = {
			isa = PBXResourcesBuildPhase;
			buildActionMask = 2147483647;
			files = (
				1100D8891BF853FA00189D46 /* Default-568h@2x.png in Resources */,
			);
			runOnlyForDeploymentPostprocessing = 0;
		};
/* End PBXResourcesBuildPhase section */

/* Begin PBXShellScriptBuildPhase section */
		09CFBAC234AF06A4E49C9431 /* Embed Pods Frameworks */ = {
			isa = PBXShellScriptBuildPhase;
			buildActionMask = 2147483647;
			files = (
			);
			inputPaths = (
			);
			name = "Embed Pods Frameworks";
			outputPaths = (
			);
			runOnlyForDeploymentPostprocessing = 0;
			shellPath = /bin/sh;
			shellScript = "\"${SRCROOT}/Pods/Target Support Files/Pods-PrototypeBase/Pods-PrototypeBase-frameworks.sh\"\n";
			showEnvVarsInLog = 0;
		};
		25FA92C8174E52ED54095F6E /* Copy Pods Resources */ = {
			isa = PBXShellScriptBuildPhase;
			buildActionMask = 2147483647;
			files = (
			);
			inputPaths = (
			);
			name = "Copy Pods Resources";
			outputPaths = (
			);
			runOnlyForDeploymentPostprocessing = 0;
			shellPath = /bin/sh;
			shellScript = "\"${SRCROOT}/Pods/Target Support Files/Pods-PrototypeBase/Pods-PrototypeBase-resources.sh\"\n";
			showEnvVarsInLog = 0;
		};
		5AF23ED3C2EC56FDCF7FFBFB /* Check Pods Manifest.lock */ = {
			isa = PBXShellScriptBuildPhase;
			buildActionMask = 2147483647;
			files = (
			);
			inputPaths = (
			);
			name = "Check Pods Manifest.lock";
			outputPaths = (
			);
			runOnlyForDeploymentPostprocessing = 0;
			shellPath = /bin/sh;
			shellScript = "diff \"${PODS_ROOT}/../Podfile.lock\" \"${PODS_ROOT}/Manifest.lock\" > /dev/null\nif [[ $? != 0 ]] ; then\n    cat << EOM\nerror: The sandbox is not in sync with the Podfile.lock. Run 'pod install' or update your CocoaPods installation.\nEOM\n    exit 1\nfi\n";
			showEnvVarsInLog = 0;
		};
/* End PBXShellScriptBuildPhase section */

/* Begin PBXSourcesBuildPhase section */
		1100D8411BF848AB00189D46 /* Sources */ = {
			isa = PBXSourcesBuildPhase;
			buildActionMask = 2147483647;
			files = (
				1100D8511BF848AB00189D46 /* PrototypeBase.xcdatamodeld in Sources */,
				1100D88E1BF854D600189D46 /* UIColor+AppColor.swift in Sources */,
				1100D84B1BF848AB00189D46 /* MainViewController.swift in Sources */,
				1100D8491BF848AB00189D46 /* AppDelegate.swift in Sources */,
			);
			runOnlyForDeploymentPostprocessing = 0;
		};
		1100D8581BF848AB00189D46 /* Sources */ = {
			isa = PBXSourcesBuildPhase;
			buildActionMask = 2147483647;
			files = (
				1100D8611BF848AB00189D46 /* PrototypeBaseTests.swift in Sources */,
				1100D88F1BF854D600189D46 /* UIColor+AppColor.swift in Sources */,
			);
			runOnlyForDeploymentPostprocessing = 0;
		};
		1100D8631BF848AB00189D46 /* Sources */ = {
			isa = PBXSourcesBuildPhase;
			buildActionMask = 2147483647;
			files = (
				1100D86C1BF848AB00189D46 /* PrototypeBaseUITests.swift in Sources */,
				1100D8901BF854D600189D46 /* UIColor+AppColor.swift in Sources */,
			);
			runOnlyForDeploymentPostprocessing = 0;
		};
/* End PBXSourcesBuildPhase section */

/* Begin PBXTargetDependency section */
		1100D85E1BF848AB00189D46 /* PBXTargetDependency */ = {
			isa = PBXTargetDependency;
			target = 1100D8441BF848AB00189D46 /* PrototypeBase */;
			targetProxy = 1100D85D1BF848AB00189D46 /* PBXContainerItemProxy */;
		};
		1100D8691BF848AB00189D46 /* PBXTargetDependency */ = {
			isa = PBXTargetDependency;
			target = 1100D8441BF848AB00189D46 /* PrototypeBase */;
			targetProxy = 1100D8681BF848AB00189D46 /* PBXContainerItemProxy */;
		};
/* End PBXTargetDependency section */

/* Begin XCBuildConfiguration section */
		1100D86E1BF848AB00189D46 /* Debug */ = {
			isa = XCBuildConfiguration;
			buildSettings = {
				ALWAYS_SEARCH_USER_PATHS = NO;
				CLANG_CXX_LANGUAGE_STANDARD = "gnu++0x";
				CLANG_CXX_LIBRARY = "libc++";
				CLANG_ENABLE_MODULES = YES;
				CLANG_ENABLE_OBJC_ARC = YES;
				CLANG_WARN_BOOL_CONVERSION = YES;
				CLANG_WARN_CONSTANT_CONVERSION = YES;
				CLANG_WARN_DIRECT_OBJC_ISA_USAGE = YES_ERROR;
				CLANG_WARN_EMPTY_BODY = YES;
				CLANG_WARN_ENUM_CONVERSION = YES;
				CLANG_WARN_INT_CONVERSION = YES;
				CLANG_WARN_OBJC_ROOT_CLASS = YES_ERROR;
				CLANG_WARN_UNREACHABLE_CODE = YES;
				CLANG_WARN__DUPLICATE_METHOD_MATCH = YES;
				"CODE_SIGN_IDENTITY[sdk=iphoneos*]" = "iPhone Developer";
				COPY_PHASE_STRIP = NO;
				DEBUG_INFORMATION_FORMAT = dwarf;
				ENABLE_STRICT_OBJC_MSGSEND = YES;
				ENABLE_TESTABILITY = YES;
				GCC_C_LANGUAGE_STANDARD = gnu99;
				GCC_DYNAMIC_NO_PIC = NO;
				GCC_NO_COMMON_BLOCKS = YES;
				GCC_OPTIMIZATION_LEVEL = 0;
				GCC_PREPROCESSOR_DEFINITIONS = (
					"DEBUG=1",
					"$(inherited)",
				);
				GCC_WARN_64_TO_32_BIT_CONVERSION = YES;
				GCC_WARN_ABOUT_RETURN_TYPE = YES_ERROR;
				GCC_WARN_UNDECLARED_SELECTOR = YES;
				GCC_WARN_UNINITIALIZED_AUTOS = YES_AGGRESSIVE;
				GCC_WARN_UNUSED_FUNCTION = YES;
				GCC_WARN_UNUSED_VARIABLE = YES;
				IPHONEOS_DEPLOYMENT_TARGET = 9.1;
				MTL_ENABLE_DEBUG_INFO = YES;
				ONLY_ACTIVE_ARCH = YES;
				SDKROOT = iphoneos;
				SWIFT_OPTIMIZATION_LEVEL = "-Onone";
			};
			name = Debug;
		};
		1100D86F1BF848AB00189D46 /* Release */ = {
			isa = XCBuildConfiguration;
			buildSettings = {
				ALWAYS_SEARCH_USER_PATHS = NO;
				CLANG_CXX_LANGUAGE_STANDARD = "gnu++0x";
				CLANG_CXX_LIBRARY = "libc++";
				CLANG_ENABLE_MODULES = YES;
				CLANG_ENABLE_OBJC_ARC = YES;
				CLANG_WARN_BOOL_CONVERSION = YES;
				CLANG_WARN_CONSTANT_CONVERSION = YES;
				CLANG_WARN_DIRECT_OBJC_ISA_USAGE = YES_ERROR;
				CLANG_WARN_EMPTY_BODY = YES;
				CLANG_WARN_ENUM_CONVERSION = YES;
				CLANG_WARN_INT_CONVERSION = YES;
				CLANG_WARN_OBJC_ROOT_CLASS = YES_ERROR;
				CLANG_WARN_UNREACHABLE_CODE = YES;
				CLANG_WARN__DUPLICATE_METHOD_MATCH = YES;
				"CODE_SIGN_IDENTITY[sdk=iphoneos*]" = "iPhone Developer";
				COPY_PHASE_STRIP = NO;
				DEBUG_INFORMATION_FORMAT = "dwarf-with-dsym";
				ENABLE_NS_ASSERTIONS = NO;
				ENABLE_STRICT_OBJC_MSGSEND = YES;
				GCC_C_LANGUAGE_STANDARD = gnu99;
				GCC_NO_COMMON_BLOCKS = YES;
				GCC_WARN_64_TO_32_BIT_CONVERSION = YES;
				GCC_WARN_ABOUT_RETURN_TYPE = YES_ERROR;
				GCC_WARN_UNDECLARED_SELECTOR = YES;
				GCC_WARN_UNINITIALIZED_AUTOS = YES_AGGRESSIVE;
				GCC_WARN_UNUSED_FUNCTION = YES;
				GCC_WARN_UNUSED_VARIABLE = YES;
				IPHONEOS_DEPLOYMENT_TARGET = 9.1;
				MTL_ENABLE_DEBUG_INFO = NO;
				SDKROOT = iphoneos;
				VALIDATE_PRODUCT = YES;
			};
			name = Release;
		};
		1100D8711BF848AB00189D46 /* Debug */ = {
			isa = XCBuildConfiguration;
			baseConfigurationReference = BDA0C0B5E1AA7E792C5ACA63 /* Pods-PrototypeBase.debug.xcconfig */;
			buildSettings = {
				ASSETCATALOG_COMPILER_APPICON_NAME = AppIcon;
				INFOPLIST_FILE = PrototypeBase/Info.plist;
				LD_RUNPATH_SEARCH_PATHS = "$(inherited) @executable_path/Frameworks";
				PRODUCT_BUNDLE_IDENTIFIER = com.merakee.PrototypeBase;
				PRODUCT_NAME = "$(TARGET_NAME)";
			};
			name = Debug;
		};
		1100D8721BF848AB00189D46 /* Release */ = {
			isa = XCBuildConfiguration;
			baseConfigurationReference = 84592943D0710470358FE4D4 /* Pods-PrototypeBase.release.xcconfig */;
			buildSettings = {
				ASSETCATALOG_COMPILER_APPICON_NAME = AppIcon;
				INFOPLIST_FILE = PrototypeBase/Info.plist;
				LD_RUNPATH_SEARCH_PATHS = "$(inherited) @executable_path/Frameworks";
				PRODUCT_BUNDLE_IDENTIFIER = com.merakee.PrototypeBase;
				PRODUCT_NAME = "$(TARGET_NAME)";
			};
			name = Release;
		};
		1100D8741BF848AB00189D46 /* Debug */ = {
			isa = XCBuildConfiguration;
			buildSettings = {
				BUNDLE_LOADER = "$(TEST_HOST)";
				INFOPLIST_FILE = PrototypeBaseTests/Info.plist;
				LD_RUNPATH_SEARCH_PATHS = "$(inherited) @executable_path/Frameworks @loader_path/Frameworks";
				PRODUCT_BUNDLE_IDENTIFIER = com.merakee.PrototypeBaseTests;
				PRODUCT_NAME = "$(TARGET_NAME)";
				TEST_HOST = "$(BUILT_PRODUCTS_DIR)/PrototypeBase.app/PrototypeBase";
			};
			name = Debug;
		};
		1100D8751BF848AB00189D46 /* Release */ = {
			isa = XCBuildConfiguration;
			buildSettings = {
				BUNDLE_LOADER = "$(TEST_HOST)";
				INFOPLIST_FILE = PrototypeBaseTests/Info.plist;
				LD_RUNPATH_SEARCH_PATHS = "$(inherited) @executable_path/Frameworks @loader_path/Frameworks";
				PRODUCT_BUNDLE_IDENTIFIER = com.merakee.PrototypeBaseTests;
				PRODUCT_NAME = "$(TARGET_NAME)";
				TEST_HOST = "$(BUILT_PRODUCTS_DIR)/PrototypeBase.app/PrototypeBase";
			};
			name = Release;
		};
		1100D8771BF848AB00189D46 /* Debug */ = {
			isa = XCBuildConfiguration;
			buildSettings = {
				INFOPLIST_FILE = PrototypeBaseUITests/Info.plist;
				LD_RUNPATH_SEARCH_PATHS = "$(inherited) @executable_path/Frameworks @loader_path/Frameworks";
				PRODUCT_BUNDLE_IDENTIFIER = com.merakee.PrototypeBaseUITests;
				PRODUCT_NAME = "$(TARGET_NAME)";
				TEST_TARGET_NAME = PrototypeBase;
				USES_XCTRUNNER = YES;
			};
			name = Debug;
		};
		1100D8781BF848AB00189D46 /* Release */ = {
			isa = XCBuildConfiguration;
			buildSettings = {
				INFOPLIST_FILE = PrototypeBaseUITests/Info.plist;
				LD_RUNPATH_SEARCH_PATHS = "$(inherited) @executable_path/Frameworks @loader_path/Frameworks";
				PRODUCT_BUNDLE_IDENTIFIER = com.merakee.PrototypeBaseUITests;
				PRODUCT_NAME = "$(TARGET_NAME)";
				TEST_TARGET_NAME = PrototypeBase;
				USES_XCTRUNNER = YES;
			};
			name = Release;
		};
/* End XCBuildConfiguration section */

/* Begin XCConfigurationList section */
		1100D8401BF848AB00189D46 /* Build configuration list for PBXProject "PrototypeBase" */ = {
			isa = XCConfigurationList;
			buildConfigurations = (
				1100D86E1BF848AB00189D46 /* Debug */,
				1100D86F1BF848AB00189D46 /* Release */,
			);
			defaultConfigurationIsVisible = 0;
			defaultConfigurationName = Release;
		};
		1100D8701BF848AB00189D46 /* Build configuration list for PBXNativeTarget "PrototypeBase" */ = {
			isa = XCConfigurationList;
			buildConfigurations = (
				1100D8711BF848AB00189D46 /* Debug */,
				1100D8721BF848AB00189D46 /* Release */,
			);
			defaultConfigurationIsVisible = 0;
			defaultConfigurationName = Release;
		};
		1100D8731BF848AB00189D46 /* Build configuration list for PBXNativeTarget "PrototypeBaseTests" */ = {
			isa = XCConfigurationList;
			buildConfigurations = (
				1100D8741BF848AB00189D46 /* Debug */,
				1100D8751BF848AB00189D46 /* Release */,
			);
			defaultConfigurationIsVisible = 0;
			defaultConfigurationName = Release;
		};
		1100D8761BF848AB00189D46 /* Build configuration list for PBXNativeTarget "PrototypeBaseUITests" */ = {
			isa = XCConfigurationList;
			buildConfigurations = (
				1100D8771BF848AB00189D46 /* Debug */,
				1100D8781BF848AB00189D46 /* Release */,
			);
			defaultConfigurationIsVisible = 0;
			defaultConfigurationName = Release;
		};
/* End XCConfigurationList section */

/* Begin XCVersionGroup section */
		1100D84F1BF848AB00189D46 /* PrototypeBase.xcdatamodeld */ = {
			isa = XCVersionGroup;
			children = (
				1100D8501BF848AB00189D46 /* PrototypeBase.xcdatamodel */,
			);
			currentVersion = 1100D8501BF848AB00189D46 /* PrototypeBase.xcdatamodel */;
			path = PrototypeBase.xcdatamodeld;
			sourceTree = "<group>";
			versionGroupType = wrapper.xcdatamodel;
		};
/* End XCVersionGroup section */
	};
	rootObject = 1100D83D1BF848AB00189D46 /* Project object */;
}
