// !$*UTF8*$!
{
	archiveVersion = 1;
	classes = {
	};
	objectVersion = 46;
	objects = {

/* Begin PBXBuildFile section */
		1100D8491BF848AB00189D46 /* AppDelegate.swift in Sources */ = {isa = PBXBuildFile; fileRef = 1100D8481BF848AB00189D46 /* AppDelegate.swift */; };
		1100D84B1BF848AB00189D46 /* MainViewController.swift in Sources */ = {isa = PBXBuildFile; fileRef = 1100D84A1BF848AB00189D46 /* MainViewController.swift */; };
		1100D8511BF848AB00189D46 /* PrototypeBase.xcdatamodeld in Sources */ = {isa = PBXBuildFile; fileRef = 1100D84F1BF848AB00189D46 /* PrototypeBase.xcdatamodeld */; };
		1100D8531BF848AB00189D46 /* Assets.xcassets in Resources */ = {isa = PBXBuildFile; fileRef = 1100D8521BF848AB00189D46 /* Assets.xcassets */; };
		1100D8611BF848AB00189D46 /* PrototypeBaseTests.swift in Sources */ = {isa = PBXBuildFile; fileRef = 1100D8601BF848AB00189D46 /* PrototypeBaseTests.swift */; };
		1100D86C1BF848AB00189D46 /* PrototypeBaseUITests.swift in Sources */ = {isa = PBXBuildFile; fileRef = 1100D86B1BF848AB00189D46 /* PrototypeBaseUITests.swift */; };
		1100D87A1BF849F000189D46 /* Podfile in Resources */ = {isa = PBXBuildFile; fileRef = 1100D8791BF849F000189D46 /* Podfile */; };
		1100D8871BF853FA00189D46 /* Default-568h@2x.png in Resources */ = {isa = PBXBuildFile; fileRef = 1100D8861BF853FA00189D46 /* Default-568h@2x.png */; };
		1100D8881BF853FA00189D46 /* Default-568h@2x.png in Resources */ = {isa = PBXBuildFile; fileRef = 1100D8861BF853FA00189D46 /* Default-568h@2x.png */; };
		1100D8891BF853FA00189D46 /* Default-568h@2x.png in Resources */ = {isa = PBXBuildFile; fileRef = 1100D8861BF853FA00189D46 /* Default-568h@2x.png */; };
		1100D88E1BF854D600189D46 /* UIColor+AppColor.swift in Sources */ = {isa = PBXBuildFile; fileRef = 1100D88D1BF854D600189D46 /* UIColor+AppColor.swift */; };
		1100D88F1BF854D600189D46 /* UIColor+AppColor.swift in Sources */ = {isa = PBXBuildFile; fileRef = 1100D88D1BF854D600189D46 /* UIColor+AppColor.swift */; };
		1100D8901BF854D600189D46 /* UIColor+AppColor.swift in Sources */ = {isa = PBXBuildFile; fileRef = 1100D88D1BF854D600189D46 /* UIColor+AppColor.swift */; };
		1100D8921BF8919400189D46 /* AppUIManager.swift in Sources */ = {isa = PBXBuildFile; fileRef = 1100D8911BF8919400189D46 /* AppUIManager.swift */; };
		1100D8931BF8919400189D46 /* AppUIManager.swift in Sources */ = {isa = PBXBuildFile; fileRef = 1100D8911BF8919400189D46 /* AppUIManager.swift */; };
		1100D8941BF8919400189D46 /* AppUIManager.swift in Sources */ = {isa = PBXBuildFile; fileRef = 1100D8911BF8919400189D46 /* AppUIManager.swift */; };
		110BDBF61C06456200EBA131 /* SoundFileHelper.m in Sources */ = {isa = PBXBuildFile; fileRef = 110BDBF51C06456200EBA131 /* SoundFileHelper.m */; };
		110BDBF91C06473200EBA131 /* ASRServerConfig.m in Sources */ = {isa = PBXBuildFile; fileRef = 110BDBF81C06473200EBA131 /* ASRServerConfig.m */; };
		110BDBFC1C06475A00EBA131 /* DemoServerHelper.m in Sources */ = {isa = PBXBuildFile; fileRef = 110BDBFB1C06475A00EBA131 /* DemoServerHelper.m */; };
		110BDBFF1C06478600EBA131 /* ASRServerConfigManager.m in Sources */ = {isa = PBXBuildFile; fileRef = 110BDBFE1C06478600EBA131 /* ASRServerConfigManager.m */; };
		110BDC021C06527500EBA131 /* NSUserDefaults+ASRSupport.m in Sources */ = {isa = PBXBuildFile; fileRef = 110BDC011C06527500EBA131 /* NSUserDefaults+ASRSupport.m */; };
		110BDC051C06528F00EBA131 /* DemoHelper.m in Sources */ = {isa = PBXBuildFile; fileRef = 110BDC041C06528F00EBA131 /* DemoHelper.m */; };
		110BDC081C0652B500EBA131 /* InputSupport.m in Sources */ = {isa = PBXBuildFile; fileRef = 110BDC071C0652B500EBA131 /* InputSupport.m */; };
		110BDC0B1C0652D200EBA131 /* ASRSoundSupport.m in Sources */ = {isa = PBXBuildFile; fileRef = 110BDC0A1C0652D200EBA131 /* ASRSoundSupport.m */; };
		110BE5A41BFA8F2F00B9A61D /* Sertig.otf in Resources */ = {isa = PBXBuildFile; fileRef = 11B23FA81BFA6FEA00A26C5E /* Sertig.otf */; };
		110BE5A51BFA8F3100B9A61D /* Sertig.otf in Resources */ = {isa = PBXBuildFile; fileRef = 11B23FA81BFA6FEA00A26C5E /* Sertig.otf */; };
		110BE5A61BFA8F3200B9A61D /* Sertig.otf in Resources */ = {isa = PBXBuildFile; fileRef = 11B23FA81BFA6FEA00A26C5E /* Sertig.otf */; };
		110BE5A81BFA8FC700B9A61D /* AppUIAppearanceManager.swift in Sources */ = {isa = PBXBuildFile; fileRef = 110BE5A71BFA8FC700B9A61D /* AppUIAppearanceManager.swift */; };
		110BE5AB1BFB9F0500B9A61D /* CommonUtils.swift in Sources */ = {isa = PBXBuildFile; fileRef = 110BE5AA1BFB9F0500B9A61D /* CommonUtils.swift */; };
		110BE5AC1BFB9F0500B9A61D /* CommonUtils.swift in Sources */ = {isa = PBXBuildFile; fileRef = 110BE5AA1BFB9F0500B9A61D /* CommonUtils.swift */; };
		110BE5AD1BFB9F0500B9A61D /* CommonUtils.swift in Sources */ = {isa = PBXBuildFile; fileRef = 110BE5AA1BFB9F0500B9A61D /* CommonUtils.swift */; };
		110BE5AF1BFB9FEC00B9A61D /* AppAudioManager.swift in Sources */ = {isa = PBXBuildFile; fileRef = 110BE5AE1BFB9FEC00B9A61D /* AppAudioManager.swift */; };
		110BE5B01BFB9FEC00B9A61D /* AppAudioManager.swift in Sources */ = {isa = PBXBuildFile; fileRef = 110BE5AE1BFB9FEC00B9A61D /* AppAudioManager.swift */; };
		110BE5B11BFB9FEC00B9A61D /* AppAudioManager.swift in Sources */ = {isa = PBXBuildFile; fileRef = 110BE5AE1BFB9FEC00B9A61D /* AppAudioManager.swift */; };
		110BE5B41BFBA63300B9A61D /* railroad_crossing_bell.wav in Resources */ = {isa = PBXBuildFile; fileRef = 110BE5B31BFBA63300B9A61D /* railroad_crossing_bell.wav */; };
		110BE5B51BFBA63300B9A61D /* railroad_crossing_bell.wav in Resources */ = {isa = PBXBuildFile; fileRef = 110BE5B31BFBA63300B9A61D /* railroad_crossing_bell.wav */; };
		110BE5B61BFBA63300B9A61D /* railroad_crossing_bell.wav in Resources */ = {isa = PBXBuildFile; fileRef = 110BE5B31BFBA63300B9A61D /* railroad_crossing_bell.wav */; };
		110BE5B81BFBAEE100B9A61D /* pay.mp3 in Resources */ = {isa = PBXBuildFile; fileRef = 110BE5B71BFBAEE100B9A61D /* pay.mp3 */; };
		110BE5B91BFBAEE100B9A61D /* pay.mp3 in Resources */ = {isa = PBXBuildFile; fileRef = 110BE5B71BFBAEE100B9A61D /* pay.mp3 */; };
		110BE5BA1BFBAEE100B9A61D /* pay.mp3 in Resources */ = {isa = PBXBuildFile; fileRef = 110BE5B71BFBAEE100B9A61D /* pay.mp3 */; };
		112518961C040BA500E9ED8D /* DeepSpeechBaseKit.framework in Frameworks */ = {isa = PBXBuildFile; fileRef = 112518951C040BA500E9ED8D /* DeepSpeechBaseKit.framework */; };
		112518971C040BA500E9ED8D /* DeepSpeechBaseKit.framework in Frameworks */ = {isa = PBXBuildFile; fileRef = 112518951C040BA500E9ED8D /* DeepSpeechBaseKit.framework */; };
		112518981C040BA500E9ED8D /* DeepSpeechBaseKit.framework in Frameworks */ = {isa = PBXBuildFile; fileRef = 112518951C040BA500E9ED8D /* DeepSpeechBaseKit.framework */; };
		1125189A1C04DF6A00E9ED8D /* SpeechViewController.swift in Sources */ = {isa = PBXBuildFile; fileRef = 112518991C04DF6A00E9ED8D /* SpeechViewController.swift */; };
		1125189B1C04DF6A00E9ED8D /* SpeechViewController.swift in Sources */ = {isa = PBXBuildFile; fileRef = 112518991C04DF6A00E9ED8D /* SpeechViewController.swift */; };
		1125189C1C04DF6A00E9ED8D /* SpeechViewController.swift in Sources */ = {isa = PBXBuildFile; fileRef = 112518991C04DF6A00E9ED8D /* SpeechViewController.swift */; };
		1125189E1C04DF9F00E9ED8D /* RedMicButton.png in Resources */ = {isa = PBXBuildFile; fileRef = 1125189D1C04DF9F00E9ED8D /* RedMicButton.png */; };
		1125189F1C04DF9F00E9ED8D /* RedMicButton.png in Resources */ = {isa = PBXBuildFile; fileRef = 1125189D1C04DF9F00E9ED8D /* RedMicButton.png */; };
		112518A01C04DF9F00E9ED8D /* RedMicButton.png in Resources */ = {isa = PBXBuildFile; fileRef = 1125189D1C04DF9F00E9ED8D /* RedMicButton.png */; };
		113B5D811C24930C00ED3D68 /* ApiAiManager.swift in Sources */ = {isa = PBXBuildFile; fileRef = 113B5D801C24930C00ED3D68 /* ApiAiManager.swift */; };
		113B5D821C24930C00ED3D68 /* ApiAiManager.swift in Sources */ = {isa = PBXBuildFile; fileRef = 113B5D801C24930C00ED3D68 /* ApiAiManager.swift */; };
		113B5D861C249A7400ED3D68 /* ApiAiViewController.swift in Sources */ = {isa = PBXBuildFile; fileRef = 113B5D851C249A7400ED3D68 /* ApiAiViewController.swift */; };
		113B5DAE1C24E83300ED3D68 /* ApiAiTextButtonViewController.swift in Sources */ = {isa = PBXBuildFile; fileRef = 113B5DAD1C24E83300ED3D68 /* ApiAiTextButtonViewController.swift */; };
		113B5DB21C28855200ED3D68 /* SpeechManager.swift in Sources */ = {isa = PBXBuildFile; fileRef = 113B5DB11C28855200ED3D68 /* SpeechManager.swift */; };
		113B5DBC1C2A086500ED3D68 /* AICubeIconImage.png in Resources */ = {isa = PBXBuildFile; fileRef = 113B5DB61C2A086500ED3D68 /* AICubeIconImage.png */; };
		113B5DBD1C2A086500ED3D68 /* AICubeIconImage@2x.png in Resources */ = {isa = PBXBuildFile; fileRef = 113B5DB71C2A086500ED3D68 /* AICubeIconImage@2x.png */; };
		113B5DBE1C2A086500ED3D68 /* AICubeIconImage@3x.png in Resources */ = {isa = PBXBuildFile; fileRef = 113B5DB81C2A086500ED3D68 /* AICubeIconImage@3x.png */; };
		113B5DBF1C2A086500ED3D68 /* AIMicrophoneControlImage.png in Resources */ = {isa = PBXBuildFile; fileRef = 113B5DB91C2A086500ED3D68 /* AIMicrophoneControlImage.png */; };
		113B5DC01C2A086500ED3D68 /* AIMicrophoneControlImage@2x.png in Resources */ = {isa = PBXBuildFile; fileRef = 113B5DBA1C2A086500ED3D68 /* AIMicrophoneControlImage@2x.png */; };
		113B5DC11C2A086500ED3D68 /* AIMicrophoneControlImage@3x.png in Resources */ = {isa = PBXBuildFile; fileRef = 113B5DBB1C2A086500ED3D68 /* AIMicrophoneControlImage@3x.png */; };
		113B5DC31C2A1A2300ED3D68 /* ScoutMapManager.swift in Sources */ = {isa = PBXBuildFile; fileRef = 113B5DC21C2A1A2300ED3D68 /* ScoutMapManager.swift */; };
		113B5DC51C2B59D400ED3D68 /* MapViewManager.swift in Sources */ = {isa = PBXBuildFile; fileRef = 113B5DC41C2B59D400ED3D68 /* MapViewManager.swift */; };
		115561A71C4585C8006A8365 /* CommandManager.swift in Sources */ = {isa = PBXBuildFile; fileRef = 115561A31C4585C8006A8365 /* CommandManager.swift */; };
		115561A81C4585C8006A8365 /* DialogueManager.swift in Sources */ = {isa = PBXBuildFile; fileRef = 115561A41C4585C8006A8365 /* DialogueManager.swift */; };
		115561A91C4585C8006A8365 /* ErrorManager.swift in Sources */ = {isa = PBXBuildFile; fileRef = 115561A51C4585C8006A8365 /* ErrorManager.swift */; };
		115561AA1C4585C8006A8365 /* PromptManager.swift in Sources */ = {isa = PBXBuildFile; fileRef = 115561A61C4585C8006A8365 /* PromptManager.swift */; };
		116123621C46CDE80093B617 /* ContextManager.swift in Sources */ = {isa = PBXBuildFile; fileRef = 116123611C46CDE80093B617 /* ContextManager.swift */; };
		116C352B1C050D4300DF2AB4 /* ASRBatchAPI.m in Sources */ = {isa = PBXBuildFile; fileRef = 116C352A1C050D4300DF2AB4 /* ASRBatchAPI.m */; };
		1175A7171C03A50500862980 /* Launch Screen.storyboard in Resources */ = {isa = PBXBuildFile; fileRef = 1175A7161C03A50500862980 /* Launch Screen.storyboard */; };
		1175A71C1C03AB3600862980 /* electronic_brain-256.png in Resources */ = {isa = PBXBuildFile; fileRef = 1175A71A1C03AB3600862980 /* electronic_brain-256.png */; };
		1175A71D1C03AB3600862980 /* electronic_brain-256.png in Resources */ = {isa = PBXBuildFile; fileRef = 1175A71A1C03AB3600862980 /* electronic_brain-256.png */; };
		1175A71E1C03AB3600862980 /* electronic_brain-256.png in Resources */ = {isa = PBXBuildFile; fileRef = 1175A71A1C03AB3600862980 /* electronic_brain-256.png */; };
		1175A71F1C03AB3600862980 /* electronic_brain-gray-256.png in Resources */ = {isa = PBXBuildFile; fileRef = 1175A71B1C03AB3600862980 /* electronic_brain-gray-256.png */; };
		1175A7201C03AB3600862980 /* electronic_brain-gray-256.png in Resources */ = {isa = PBXBuildFile; fileRef = 1175A71B1C03AB3600862980 /* electronic_brain-gray-256.png */; };
		1175A7211C03AB3600862980 /* electronic_brain-gray-256.png in Resources */ = {isa = PBXBuildFile; fileRef = 1175A71B1C03AB3600862980 /* electronic_brain-gray-256.png */; };
		1175A7241C03C2CC00862980 /* electronic_brain-gray-red-256.png in Resources */ = {isa = PBXBuildFile; fileRef = 1175A7221C03C2CC00862980 /* electronic_brain-gray-red-256.png */; };
		1175A7251C03C2CC00862980 /* electronic_brain-red-256.png in Resources */ = {isa = PBXBuildFile; fileRef = 1175A7231C03C2CC00862980 /* electronic_brain-red-256.png */; };
		11998F9F1C04EE86009840E8 /* ServerManager.swift in Sources */ = {isa = PBXBuildFile; fileRef = 11998F9E1C04EE86009840E8 /* ServerManager.swift */; };
		11D1C2E31C484F8000CDE3FD /* MapViewController.swift in Sources */ = {isa = PBXBuildFile; fileRef = 11D1C2E21C484F8000CDE3FD /* MapViewController.swift */; };
		11D1C2E51C484FC300CDE3FD /* MKMapViewManager.swift in Sources */ = {isa = PBXBuildFile; fileRef = 11D1C2E41C484FC300CDE3FD /* MKMapViewManager.swift */; };
		C73093E32E6D4D6FC996B6C9 /* Pods_PrototypeBase.framework in Frameworks */ = {isa = PBXBuildFile; fileRef = C644B850979E94B34EAAA5C6 /* Pods_PrototypeBase.framework */; };
/* End PBXBuildFile section */

/* Begin PBXContainerItemProxy section */
		1100D85D1BF848AB00189D46 /* PBXContainerItemProxy */ = {
			isa = PBXContainerItemProxy;
			containerPortal = 1100D83D1BF848AB00189D46 /* Project object */;
			proxyType = 1;
			remoteGlobalIDString = 1100D8441BF848AB00189D46;
			remoteInfo = PrototypeBase;
		};
		1100D8681BF848AB00189D46 /* PBXContainerItemProxy */ = {
			isa = PBXContainerItemProxy;
			containerPortal = 1100D83D1BF848AB00189D46 /* Project object */;
			proxyType = 1;
			remoteGlobalIDString = 1100D8441BF848AB00189D46;
			remoteInfo = PrototypeBase;
		};
/* End PBXContainerItemProxy section */

/* Begin PBXFileReference section */
		1100D8451BF848AB00189D46 /* PrototypeBase.app */ = {isa = PBXFileReference; explicitFileType = wrapper.application; includeInIndex = 0; path = PrototypeBase.app; sourceTree = BUILT_PRODUCTS_DIR; };
		1100D8481BF848AB00189D46 /* AppDelegate.swift */ = {isa = PBXFileReference; lastKnownFileType = sourcecode.swift; path = AppDelegate.swift; sourceTree = "<group>"; };
		1100D84A1BF848AB00189D46 /* MainViewController.swift */ = {isa = PBXFileReference; lastKnownFileType = sourcecode.swift; path = MainViewController.swift; sourceTree = "<group>"; };
		1100D8501BF848AB00189D46 /* PrototypeBase.xcdatamodel */ = {isa = PBXFileReference; lastKnownFileType = wrapper.xcdatamodel; path = PrototypeBase.xcdatamodel; sourceTree = "<group>"; };
		1100D8521BF848AB00189D46 /* Assets.xcassets */ = {isa = PBXFileReference; lastKnownFileType = folder.assetcatalog; path = Assets.xcassets; sourceTree = "<group>"; };
		1100D8571BF848AB00189D46 /* Info.plist */ = {isa = PBXFileReference; lastKnownFileType = text.plist.xml; path = Info.plist; sourceTree = "<group>"; };
		1100D85C1BF848AB00189D46 /* PrototypeBaseTests.xctest */ = {isa = PBXFileReference; explicitFileType = wrapper.cfbundle; includeInIndex = 0; path = PrototypeBaseTests.xctest; sourceTree = BUILT_PRODUCTS_DIR; };
		1100D8601BF848AB00189D46 /* PrototypeBaseTests.swift */ = {isa = PBXFileReference; lastKnownFileType = sourcecode.swift; path = PrototypeBaseTests.swift; sourceTree = "<group>"; };
		1100D8621BF848AB00189D46 /* Info.plist */ = {isa = PBXFileReference; lastKnownFileType = text.plist.xml; path = Info.plist; sourceTree = "<group>"; };
		1100D8671BF848AB00189D46 /* PrototypeBaseUITests.xctest */ = {isa = PBXFileReference; explicitFileType = wrapper.cfbundle; includeInIndex = 0; path = PrototypeBaseUITests.xctest; sourceTree = BUILT_PRODUCTS_DIR; };
		1100D86B1BF848AB00189D46 /* PrototypeBaseUITests.swift */ = {isa = PBXFileReference; lastKnownFileType = sourcecode.swift; path = PrototypeBaseUITests.swift; sourceTree = "<group>"; };
		1100D86D1BF848AB00189D46 /* Info.plist */ = {isa = PBXFileReference; lastKnownFileType = text.plist.xml; path = Info.plist; sourceTree = "<group>"; };
		1100D8791BF849F000189D46 /* Podfile */ = {isa = PBXFileReference; fileEncoding = 4; lastKnownFileType = text; name = Podfile; path = ../Podfile; sourceTree = "<group>"; xcLanguageSpecificationIdentifier = xcode.lang.ruby; };
		1100D8861BF853FA00189D46 /* Default-568h@2x.png */ = {isa = PBXFileReference; lastKnownFileType = image.png; path = "Default-568h@2x.png"; sourceTree = "<group>"; };
		1100D88D1BF854D600189D46 /* UIColor+AppColor.swift */ = {isa = PBXFileReference; fileEncoding = 4; lastKnownFileType = sourcecode.swift; path = "UIColor+AppColor.swift"; sourceTree = "<group>"; };
		1100D8911BF8919400189D46 /* AppUIManager.swift */ = {isa = PBXFileReference; fileEncoding = 4; lastKnownFileType = sourcecode.swift; path = AppUIManager.swift; sourceTree = "<group>"; };
		110BDBF41C06456200EBA131 /* SoundFileHelper.h */ = {isa = PBXFileReference; fileEncoding = 4; lastKnownFileType = sourcecode.c.h; path = SoundFileHelper.h; sourceTree = "<group>"; };
		110BDBF51C06456200EBA131 /* SoundFileHelper.m */ = {isa = PBXFileReference; fileEncoding = 4; lastKnownFileType = sourcecode.c.objc; path = SoundFileHelper.m; sourceTree = "<group>"; };
		110BDBF71C06473200EBA131 /* ASRServerConfig.h */ = {isa = PBXFileReference; fileEncoding = 4; lastKnownFileType = sourcecode.c.h; path = ASRServerConfig.h; sourceTree = "<group>"; };
		110BDBF81C06473200EBA131 /* ASRServerConfig.m */ = {isa = PBXFileReference; fileEncoding = 4; lastKnownFileType = sourcecode.c.objc; path = ASRServerConfig.m; sourceTree = "<group>"; };
		110BDBFA1C06475A00EBA131 /* DemoServerHelper.h */ = {isa = PBXFileReference; fileEncoding = 4; lastKnownFileType = sourcecode.c.h; path = DemoServerHelper.h; sourceTree = "<group>"; };
		110BDBFB1C06475A00EBA131 /* DemoServerHelper.m */ = {isa = PBXFileReference; fileEncoding = 4; lastKnownFileType = sourcecode.c.objc; path = DemoServerHelper.m; sourceTree = "<group>"; };
		110BDBFD1C06478600EBA131 /* ASRServerConfigManager.h */ = {isa = PBXFileReference; fileEncoding = 4; lastKnownFileType = sourcecode.c.h; path = ASRServerConfigManager.h; sourceTree = "<group>"; };
		110BDBFE1C06478600EBA131 /* ASRServerConfigManager.m */ = {isa = PBXFileReference; fileEncoding = 4; lastKnownFileType = sourcecode.c.objc; path = ASRServerConfigManager.m; sourceTree = "<group>"; };
		110BDC001C06527500EBA131 /* NSUserDefaults+ASRSupport.h */ = {isa = PBXFileReference; fileEncoding = 4; lastKnownFileType = sourcecode.c.h; path = "NSUserDefaults+ASRSupport.h"; sourceTree = "<group>"; };
		110BDC011C06527500EBA131 /* NSUserDefaults+ASRSupport.m */ = {isa = PBXFileReference; fileEncoding = 4; lastKnownFileType = sourcecode.c.objc; path = "NSUserDefaults+ASRSupport.m"; sourceTree = "<group>"; };
		110BDC031C06528F00EBA131 /* DemoHelper.h */ = {isa = PBXFileReference; fileEncoding = 4; lastKnownFileType = sourcecode.c.h; path = DemoHelper.h; sourceTree = "<group>"; };
		110BDC041C06528F00EBA131 /* DemoHelper.m */ = {isa = PBXFileReference; fileEncoding = 4; lastKnownFileType = sourcecode.c.objc; path = DemoHelper.m; sourceTree = "<group>"; };
		110BDC061C0652B500EBA131 /* InputSupport.h */ = {isa = PBXFileReference; fileEncoding = 4; lastKnownFileType = sourcecode.c.h; path = InputSupport.h; sourceTree = "<group>"; };
		110BDC071C0652B500EBA131 /* InputSupport.m */ = {isa = PBXFileReference; fileEncoding = 4; lastKnownFileType = sourcecode.c.objc; path = InputSupport.m; sourceTree = "<group>"; };
		110BDC091C0652D200EBA131 /* ASRSoundSupport.h */ = {isa = PBXFileReference; fileEncoding = 4; lastKnownFileType = sourcecode.c.h; path = ASRSoundSupport.h; sourceTree = "<group>"; };
		110BDC0A1C0652D200EBA131 /* ASRSoundSupport.m */ = {isa = PBXFileReference; fileEncoding = 4; lastKnownFileType = sourcecode.c.objc; path = ASRSoundSupport.m; sourceTree = "<group>"; };
		110BE5A71BFA8FC700B9A61D /* AppUIAppearanceManager.swift */ = {isa = PBXFileReference; fileEncoding = 4; lastKnownFileType = sourcecode.swift; path = AppUIAppearanceManager.swift; sourceTree = "<group>"; };
		110BE5AA1BFB9F0500B9A61D /* CommonUtils.swift */ = {isa = PBXFileReference; fileEncoding = 4; lastKnownFileType = sourcecode.swift; path = CommonUtils.swift; sourceTree = "<group>"; };
		110BE5AE1BFB9FEC00B9A61D /* AppAudioManager.swift */ = {isa = PBXFileReference; fileEncoding = 4; lastKnownFileType = sourcecode.swift; path = AppAudioManager.swift; sourceTree = "<group>"; };
		110BE5B31BFBA63300B9A61D /* railroad_crossing_bell.wav */ = {isa = PBXFileReference; lastKnownFileType = audio.wav; path = railroad_crossing_bell.wav; sourceTree = "<group>"; };
		110BE5B71BFBAEE100B9A61D /* pay.mp3 */ = {isa = PBXFileReference; lastKnownFileType = audio.mp3; path = pay.mp3; sourceTree = "<group>"; };
		112518951C040BA500E9ED8D /* DeepSpeechBaseKit.framework */ = {isa = PBXFileReference; lastKnownFileType = wrapper.framework; path = DeepSpeechBaseKit.framework; sourceTree = "<group>"; };
		112518991C04DF6A00E9ED8D /* SpeechViewController.swift */ = {isa = PBXFileReference; fileEncoding = 4; lastKnownFileType = sourcecode.swift; path = SpeechViewController.swift; sourceTree = "<group>"; };
		1125189D1C04DF9F00E9ED8D /* RedMicButton.png */ = {isa = PBXFileReference; lastKnownFileType = image.png; path = RedMicButton.png; sourceTree = "<group>"; };
		112518A11C04E06100E9ED8D /* PrototypeBase-Bridging-Header.h */ = {isa = PBXFileReference; lastKnownFileType = sourcecode.c.h; path = "PrototypeBase-Bridging-Header.h"; sourceTree = "<group>"; };
		112518A21C04E06100E9ED8D /* PrototypeBaseTests-Bridging-Header.h */ = {isa = PBXFileReference; lastKnownFileType = sourcecode.c.h; path = "PrototypeBaseTests-Bridging-Header.h"; sourceTree = "<group>"; };
		112518A31C04E06100E9ED8D /* PrototypeBaseUITests-Bridging-Header.h */ = {isa = PBXFileReference; lastKnownFileType = sourcecode.c.h; path = "PrototypeBaseUITests-Bridging-Header.h"; sourceTree = "<group>"; };
		113B5D801C24930C00ED3D68 /* ApiAiManager.swift */ = {isa = PBXFileReference; fileEncoding = 4; lastKnownFileType = sourcecode.swift; path = ApiAiManager.swift; sourceTree = "<group>"; };
		113B5D851C249A7400ED3D68 /* ApiAiViewController.swift */ = {isa = PBXFileReference; fileEncoding = 4; lastKnownFileType = sourcecode.swift; path = ApiAiViewController.swift; sourceTree = "<group>"; };
		113B5DAD1C24E83300ED3D68 /* ApiAiTextButtonViewController.swift */ = {isa = PBXFileReference; fileEncoding = 4; lastKnownFileType = sourcecode.swift; path = ApiAiTextButtonViewController.swift; sourceTree = "<group>"; };
		113B5DB11C28855200ED3D68 /* SpeechManager.swift */ = {isa = PBXFileReference; fileEncoding = 4; lastKnownFileType = sourcecode.swift; path = SpeechManager.swift; sourceTree = "<group>"; };
		113B5DB61C2A086500ED3D68 /* AICubeIconImage.png */ = {isa = PBXFileReference; lastKnownFileType = image.png; path = AICubeIconImage.png; sourceTree = "<group>"; };
		113B5DB71C2A086500ED3D68 /* AICubeIconImage@2x.png */ = {isa = PBXFileReference; lastKnownFileType = image.png; path = "AICubeIconImage@2x.png"; sourceTree = "<group>"; };
		113B5DB81C2A086500ED3D68 /* AICubeIconImage@3x.png */ = {isa = PBXFileReference; lastKnownFileType = image.png; path = "AICubeIconImage@3x.png"; sourceTree = "<group>"; };
		113B5DB91C2A086500ED3D68 /* AIMicrophoneControlImage.png */ = {isa = PBXFileReference; lastKnownFileType = image.png; path = AIMicrophoneControlImage.png; sourceTree = "<group>"; };
		113B5DBA1C2A086500ED3D68 /* AIMicrophoneControlImage@2x.png */ = {isa = PBXFileReference; lastKnownFileType = image.png; path = "AIMicrophoneControlImage@2x.png"; sourceTree = "<group>"; };
		113B5DBB1C2A086500ED3D68 /* AIMicrophoneControlImage@3x.png */ = {isa = PBXFileReference; lastKnownFileType = image.png; path = "AIMicrophoneControlImage@3x.png"; sourceTree = "<group>"; };
		113B5DC21C2A1A2300ED3D68 /* ScoutMapManager.swift */ = {isa = PBXFileReference; fileEncoding = 4; lastKnownFileType = sourcecode.swift; path = ScoutMapManager.swift; sourceTree = "<group>"; };
		113B5DC41C2B59D400ED3D68 /* MapViewManager.swift */ = {isa = PBXFileReference; fileEncoding = 4; lastKnownFileType = sourcecode.swift; path = MapViewManager.swift; sourceTree = "<group>"; };
		115561A31C4585C8006A8365 /* CommandManager.swift */ = {isa = PBXFileReference; fileEncoding = 4; lastKnownFileType = sourcecode.swift; path = CommandManager.swift; sourceTree = "<group>"; };
		115561A41C4585C8006A8365 /* DialogueManager.swift */ = {isa = PBXFileReference; fileEncoding = 4; lastKnownFileType = sourcecode.swift; path = DialogueManager.swift; sourceTree = "<group>"; };
		115561A51C4585C8006A8365 /* ErrorManager.swift */ = {isa = PBXFileReference; fileEncoding = 4; lastKnownFileType = sourcecode.swift; path = ErrorManager.swift; sourceTree = "<group>"; };
		115561A61C4585C8006A8365 /* PromptManager.swift */ = {isa = PBXFileReference; fileEncoding = 4; lastKnownFileType = sourcecode.swift; path = PromptManager.swift; sourceTree = "<group>"; };
		116123611C46CDE80093B617 /* ContextManager.swift */ = {isa = PBXFileReference; fileEncoding = 4; lastKnownFileType = sourcecode.swift; path = ContextManager.swift; sourceTree = "<group>"; };
		116C35291C050D4300DF2AB4 /* ASRBatchAPI.h */ = {isa = PBXFileReference; fileEncoding = 4; lastKnownFileType = sourcecode.c.h; path = ASRBatchAPI.h; sourceTree = "<group>"; };
		116C352A1C050D4300DF2AB4 /* ASRBatchAPI.m */ = {isa = PBXFileReference; fileEncoding = 4; lastKnownFileType = sourcecode.c.objc; path = ASRBatchAPI.m; sourceTree = "<group>"; };
		1175A7161C03A50500862980 /* Launch Screen.storyboard */ = {isa = PBXFileReference; fileEncoding = 4; lastKnownFileType = file.storyboard; path = "Launch Screen.storyboard"; sourceTree = "<group>"; };
		1175A71A1C03AB3600862980 /* electronic_brain-256.png */ = {isa = PBXFileReference; lastKnownFileType = image.png; path = "electronic_brain-256.png"; sourceTree = "<group>"; };
		1175A71B1C03AB3600862980 /* electronic_brain-gray-256.png */ = {isa = PBXFileReference; lastKnownFileType = image.png; path = "electronic_brain-gray-256.png"; sourceTree = "<group>"; };
		1175A7221C03C2CC00862980 /* electronic_brain-gray-red-256.png */ = {isa = PBXFileReference; lastKnownFileType = image.png; path = "electronic_brain-gray-red-256.png"; sourceTree = "<group>"; };
		1175A7231C03C2CC00862980 /* electronic_brain-red-256.png */ = {isa = PBXFileReference; lastKnownFileType = image.png; path = "electronic_brain-red-256.png"; sourceTree = "<group>"; };
		11998F9D1C04EE19009840E8 /* BSRSpeechRecognizerSubclass.h */ = {isa = PBXFileReference; lastKnownFileType = sourcecode.c.h; path = BSRSpeechRecognizerSubclass.h; sourceTree = "<group>"; };
		11998F9E1C04EE86009840E8 /* ServerManager.swift */ = {isa = PBXFileReference; fileEncoding = 4; lastKnownFileType = sourcecode.swift; path = ServerManager.swift; sourceTree = "<group>"; };
		11B23FA81BFA6FEA00A26C5E /* Sertig.otf */ = {isa = PBXFileReference; lastKnownFileType = file; path = Sertig.otf; sourceTree = "<group>"; };
		11D1C2E21C484F8000CDE3FD /* MapViewController.swift */ = {isa = PBXFileReference; fileEncoding = 4; lastKnownFileType = sourcecode.swift; path = MapViewController.swift; sourceTree = "<group>"; };
		11D1C2E41C484FC300CDE3FD /* MKMapViewManager.swift */ = {isa = PBXFileReference; fileEncoding = 4; lastKnownFileType = sourcecode.swift; path = MKMapViewManager.swift; sourceTree = "<group>"; };
		84592943D0710470358FE4D4 /* Pods-PrototypeBase.release.xcconfig */ = {isa = PBXFileReference; includeInIndex = 1; lastKnownFileType = text.xcconfig; name = "Pods-PrototypeBase.release.xcconfig"; path = "Pods/Target Support Files/Pods-PrototypeBase/Pods-PrototypeBase.release.xcconfig"; sourceTree = "<group>"; };
		BDA0C0B5E1AA7E792C5ACA63 /* Pods-PrototypeBase.debug.xcconfig */ = {isa = PBXFileReference; includeInIndex = 1; lastKnownFileType = text.xcconfig; name = "Pods-PrototypeBase.debug.xcconfig"; path = "Pods/Target Support Files/Pods-PrototypeBase/Pods-PrototypeBase.debug.xcconfig"; sourceTree = "<group>"; };
		C644B850979E94B34EAAA5C6 /* Pods_PrototypeBase.framework */ = {isa = PBXFileReference; explicitFileType = wrapper.framework; includeInIndex = 0; path = Pods_PrototypeBase.framework; sourceTree = BUILT_PRODUCTS_DIR; };
/* End PBXFileReference section */

/* Begin PBXFrameworksBuildPhase section */
		1100D8421BF848AB00189D46 /* Frameworks */ = {
			isa = PBXFrameworksBuildPhase;
			buildActionMask = 2147483647;
			files = (
				112518961C040BA500E9ED8D /* DeepSpeechBaseKit.framework in Frameworks */,
				C73093E32E6D4D6FC996B6C9 /* Pods_PrototypeBase.framework in Frameworks */,
			);
			runOnlyForDeploymentPostprocessing = 0;
		};
		1100D8591BF848AB00189D46 /* Frameworks */ = {
			isa = PBXFrameworksBuildPhase;
			buildActionMask = 2147483647;
			files = (
				112518971C040BA500E9ED8D /* DeepSpeechBaseKit.framework in Frameworks */,
			);
			runOnlyForDeploymentPostprocessing = 0;
		};
		1100D8641BF848AB00189D46 /* Frameworks */ = {
			isa = PBXFrameworksBuildPhase;
			buildActionMask = 2147483647;
			files = (
				112518981C040BA500E9ED8D /* DeepSpeechBaseKit.framework in Frameworks */,
			);
			runOnlyForDeploymentPostprocessing = 0;
		};
/* End PBXFrameworksBuildPhase section */

/* Begin PBXGroup section */
		1100D83C1BF848AB00189D46 = {
			isa = PBXGroup;
			children = (
				1100D8471BF848AB00189D46 /* PrototypeBase */,
				1100D85F1BF848AB00189D46 /* PrototypeBaseTests */,
				1100D86A1BF848AB00189D46 /* PrototypeBaseUITests */,
				1100D8461BF848AB00189D46 /* Products */,
				919AAFA9210157004E982B21 /* Pods */,
				63BAD4D6121D60217B01BE39 /* Frameworks */,
			);
			sourceTree = "<group>";
		};
		1100D8461BF848AB00189D46 /* Products */ = {
			isa = PBXGroup;
			children = (
				1100D8451BF848AB00189D46 /* PrototypeBase.app */,
				1100D85C1BF848AB00189D46 /* PrototypeBaseTests.xctest */,
				1100D8671BF848AB00189D46 /* PrototypeBaseUITests.xctest */,
			);
			name = Products;
			sourceTree = "<group>";
		};
		1100D8471BF848AB00189D46 /* PrototypeBase */ = {
			isa = PBXGroup;
			children = (
				113B5D871C24CB5C00ED3D68 /* Extarnal */,
				113B5D7C1C2492B100ED3D68 /* Managers */,
				116C352C1C050D4B00DF2AB4 /* SpeechEngine */,
				110BE5A91BFB9EDC00B9A61D /* Utilities */,
				1100D87E1BF84A9500189D46 /* Models */,
				1100D87D1BF84A9000189D46 /* Controllers */,
				1100D87C1BF84A8700189D46 /* UI */,
				1100D87B1BF84A6D00189D46 /* SupportingFiles */,
			);
			path = PrototypeBase;
			sourceTree = "<group>";
		};
		1100D85F1BF848AB00189D46 /* PrototypeBaseTests */ = {
			isa = PBXGroup;
			children = (
				1100D8601BF848AB00189D46 /* PrototypeBaseTests.swift */,
				1100D8621BF848AB00189D46 /* Info.plist */,
			);
			path = PrototypeBaseTests;
			sourceTree = "<group>";
		};
		1100D86A1BF848AB00189D46 /* PrototypeBaseUITests */ = {
			isa = PBXGroup;
			children = (
				1100D86B1BF848AB00189D46 /* PrototypeBaseUITests.swift */,
				1100D86D1BF848AB00189D46 /* Info.plist */,
			);
			path = PrototypeBaseUITests;
			sourceTree = "<group>";
		};
		1100D87B1BF84A6D00189D46 /* SupportingFiles */ = {
			isa = PBXGroup;
			children = (
				1100D8791BF849F000189D46 /* Podfile */,
				1100D8571BF848AB00189D46 /* Info.plist */,
				1100D8481BF848AB00189D46 /* AppDelegate.swift */,
				112518A11C04E06100E9ED8D /* PrototypeBase-Bridging-Header.h */,
				112518A21C04E06100E9ED8D /* PrototypeBaseTests-Bridging-Header.h */,
				112518A31C04E06100E9ED8D /* PrototypeBaseUITests-Bridging-Header.h */,
			);
			name = SupportingFiles;
			sourceTree = "<group>";
		};
		1100D87C1BF84A8700189D46 /* UI */ = {
			isa = PBXGroup;
			children = (
				1100D88C1BF854B200189D46 /* AppUI */,
				1100D88A1BF8549C00189D46 /* Views */,
				1100D87F1BF84AD100189D46 /* Assets */,
			);
			name = UI;
			sourceTree = "<group>";
		};
		1100D87D1BF84A9000189D46 /* Controllers */ = {
			isa = PBXGroup;
			children = (
				11D1C2E21C484F8000CDE3FD /* MapViewController.swift */,
				112518991C04DF6A00E9ED8D /* SpeechViewController.swift */,
				1100D84A1BF848AB00189D46 /* MainViewController.swift */,
				113B5D851C249A7400ED3D68 /* ApiAiViewController.swift */,
				113B5DAD1C24E83300ED3D68 /* ApiAiTextButtonViewController.swift */,
			);
			name = Controllers;
			sourceTree = "<group>";
		};
		1100D87E1BF84A9500189D46 /* Models */ = {
			isa = PBXGroup;
			children = (
				1100D84F1BF848AB00189D46 /* PrototypeBase.xcdatamodeld */,
			);
			name = Models;
			sourceTree = "<group>";
		};
		1100D87F1BF84AD100189D46 /* Assets */ = {
			isa = PBXGroup;
			children = (
				1175A7151C03A48F00862980 /* Graphics */,
				110BE5B21BFBA62700B9A61D /* Audio */,
				11B23FA71BFA6F7300A26C5E /* Fonts */,
			);
			name = Assets;
			sourceTree = "<group>";
		};
		1100D88A1BF8549C00189D46 /* Views */ = {
			isa = PBXGroup;
			children = (
				1100D88B1BF854A200189D46 /* Main */,
			);
			name = Views;
			sourceTree = "<group>";
		};
		1100D88B1BF854A200189D46 /* Main */ = {
			isa = PBXGroup;
			children = (
			);
			name = Main;
			sourceTree = "<group>";
		};
		1100D88C1BF854B200189D46 /* AppUI */ = {
			isa = PBXGroup;
			children = (
				1100D8911BF8919400189D46 /* AppUIManager.swift */,
				1100D88D1BF854D600189D46 /* UIColor+AppColor.swift */,
				110BE5A71BFA8FC700B9A61D /* AppUIAppearanceManager.swift */,
			);
			name = AppUI;
			sourceTree = "<group>";
		};
		110BE5A91BFB9EDC00B9A61D /* Utilities */ = {
			isa = PBXGroup;
			children = (
				110BE5AA1BFB9F0500B9A61D /* CommonUtils.swift */,
				110BE5AE1BFB9FEC00B9A61D /* AppAudioManager.swift */,
			);
			name = Utilities;
			sourceTree = "<group>";
		};
		110BE5B21BFBA62700B9A61D /* Audio */ = {
			isa = PBXGroup;
			children = (
				110BE5B71BFBAEE100B9A61D /* pay.mp3 */,
				110BE5B31BFBA63300B9A61D /* railroad_crossing_bell.wav */,
			);
			name = Audio;
			sourceTree = "<group>";
		};
		113B5D7C1C2492B100ED3D68 /* Managers */ = {
			isa = PBXGroup;
			children = (
				11D1C2E41C484FC300CDE3FD /* MKMapViewManager.swift */,
				116123611C46CDE80093B617 /* ContextManager.swift */,
				115561A31C4585C8006A8365 /* CommandManager.swift */,
				115561A41C4585C8006A8365 /* DialogueManager.swift */,
				115561A51C4585C8006A8365 /* ErrorManager.swift */,
				115561A61C4585C8006A8365 /* PromptManager.swift */,
				113B5D801C24930C00ED3D68 /* ApiAiManager.swift */,
				113B5DB11C28855200ED3D68 /* SpeechManager.swift */,
				113B5DC21C2A1A2300ED3D68 /* ScoutMapManager.swift */,
				113B5DC41C2B59D400ED3D68 /* MapViewManager.swift */,
			);
			name = Managers;
			sourceTree = "<group>";
		};
		113B5D871C24CB5C00ED3D68 /* Extarnal */ = {
			isa = PBXGroup;
			children = (
			);
			name = Extarnal;
			sourceTree = "<group>";
		};
		113B5DB51C2A084800ED3D68 /* ApiAiResources */ = {
			isa = PBXGroup;
			children = (
				113B5DB61C2A086500ED3D68 /* AICubeIconImage.png */,
				113B5DB71C2A086500ED3D68 /* AICubeIconImage@2x.png */,
				113B5DB81C2A086500ED3D68 /* AICubeIconImage@3x.png */,
				113B5DB91C2A086500ED3D68 /* AIMicrophoneControlImage.png */,
				113B5DBA1C2A086500ED3D68 /* AIMicrophoneControlImage@2x.png */,
				113B5DBB1C2A086500ED3D68 /* AIMicrophoneControlImage@3x.png */,
			);
			name = ApiAiResources;
			sourceTree = "<group>";
		};
		116C352C1C050D4B00DF2AB4 /* SpeechEngine */ = {
			isa = PBXGroup;
			children = (
				110BDC001C06527500EBA131 /* NSUserDefaults+ASRSupport.h */,
				110BDC011C06527500EBA131 /* NSUserDefaults+ASRSupport.m */,
				110BDC091C0652D200EBA131 /* ASRSoundSupport.h */,
				110BDC0A1C0652D200EBA131 /* ASRSoundSupport.m */,
				110BDC031C06528F00EBA131 /* DemoHelper.h */,
				110BDC041C06528F00EBA131 /* DemoHelper.m */,
				110BDC061C0652B500EBA131 /* InputSupport.h */,
				110BDC071C0652B500EBA131 /* InputSupport.m */,
				110BDBFA1C06475A00EBA131 /* DemoServerHelper.h */,
				110BDBFD1C06478600EBA131 /* ASRServerConfigManager.h */,
				110BDBFE1C06478600EBA131 /* ASRServerConfigManager.m */,
				110BDBFB1C06475A00EBA131 /* DemoServerHelper.m */,
				110BDBF71C06473200EBA131 /* ASRServerConfig.h */,
				110BDBF81C06473200EBA131 /* ASRServerConfig.m */,
				110BDBF41C06456200EBA131 /* SoundFileHelper.h */,
				110BDBF51C06456200EBA131 /* SoundFileHelper.m */,
				11998F9E1C04EE86009840E8 /* ServerManager.swift */,
				11998F9D1C04EE19009840E8 /* BSRSpeechRecognizerSubclass.h */,
				116C35291C050D4300DF2AB4 /* ASRBatchAPI.h */,
				116C352A1C050D4300DF2AB4 /* ASRBatchAPI.m */,
			);
			name = SpeechEngine;
			sourceTree = "<group>";
		};
		1175A7151C03A48F00862980 /* Graphics */ = {
			isa = PBXGroup;
			children = (
				113B5DB51C2A084800ED3D68 /* ApiAiResources */,
				1125189D1C04DF9F00E9ED8D /* RedMicButton.png */,
				1175A7221C03C2CC00862980 /* electronic_brain-gray-red-256.png */,
				1175A7231C03C2CC00862980 /* electronic_brain-red-256.png */,
				1175A71A1C03AB3600862980 /* electronic_brain-256.png */,
				1175A71B1C03AB3600862980 /* electronic_brain-gray-256.png */,
				1100D8521BF848AB00189D46 /* Assets.xcassets */,
				1100D8861BF853FA00189D46 /* Default-568h@2x.png */,
				1175A7161C03A50500862980 /* Launch Screen.storyboard */,
			);
			name = Graphics;
			sourceTree = "<group>";
		};
		11B23FA71BFA6F7300A26C5E /* Fonts */ = {
			isa = PBXGroup;
			children = (
				11B23FA81BFA6FEA00A26C5E /* Sertig.otf */,
			);
			name = Fonts;
			sourceTree = "<group>";
		};
		63BAD4D6121D60217B01BE39 /* Frameworks */ = {
			isa = PBXGroup;
			children = (
				112518951C040BA500E9ED8D /* DeepSpeechBaseKit.framework */,
				C644B850979E94B34EAAA5C6 /* Pods_PrototypeBase.framework */,
			);
			name = Frameworks;
			sourceTree = "<group>";
		};
		919AAFA9210157004E982B21 /* Pods */ = {
			isa = PBXGroup;
			children = (
				BDA0C0B5E1AA7E792C5ACA63 /* Pods-PrototypeBase.debug.xcconfig */,
				84592943D0710470358FE4D4 /* Pods-PrototypeBase.release.xcconfig */,
			);
			name = Pods;
			sourceTree = "<group>";
		};
/* End PBXGroup section */

/* Begin PBXNativeTarget section */
		1100D8441BF848AB00189D46 /* PrototypeBase */ = {
			isa = PBXNativeTarget;
			buildConfigurationList = 1100D8701BF848AB00189D46 /* Build configuration list for PBXNativeTarget "PrototypeBase" */;
			buildPhases = (
				5AF23ED3C2EC56FDCF7FFBFB /* Check Pods Manifest.lock */,
				1100D8411BF848AB00189D46 /* Sources */,
				1100D8421BF848AB00189D46 /* Frameworks */,
				1100D8431BF848AB00189D46 /* Resources */,
				09CFBAC234AF06A4E49C9431 /* Embed Pods Frameworks */,
				25FA92C8174E52ED54095F6E /* Copy Pods Resources */,
			);
			buildRules = (
			);
			dependencies = (
			);
			name = PrototypeBase;
			productName = PrototypeBase;
			productReference = 1100D8451BF848AB00189D46 /* PrototypeBase.app */;
			productType = "com.apple.product-type.application";
		};
		1100D85B1BF848AB00189D46 /* PrototypeBaseTests */ = {
			isa = PBXNativeTarget;
			buildConfigurationList = 1100D8731BF848AB00189D46 /* Build configuration list for PBXNativeTarget "PrototypeBaseTests" */;
			buildPhases = (
				1100D8581BF848AB00189D46 /* Sources */,
				1100D8591BF848AB00189D46 /* Frameworks */,
				1100D85A1BF848AB00189D46 /* Resources */,
			);
			buildRules = (
			);
			dependencies = (
				1100D85E1BF848AB00189D46 /* PBXTargetDependency */,
			);
			name = PrototypeBaseTests;
			productName = PrototypeBaseTests;
			productReference = 1100D85C1BF848AB00189D46 /* PrototypeBaseTests.xctest */;
			productType = "com.apple.product-type.bundle.unit-test";
		};
		1100D8661BF848AB00189D46 /* PrototypeBaseUITests */ = {
			isa = PBXNativeTarget;
			buildConfigurationList = 1100D8761BF848AB00189D46 /* Build configuration list for PBXNativeTarget "PrototypeBaseUITests" */;
			buildPhases = (
				1100D8631BF848AB00189D46 /* Sources */,
				1100D8641BF848AB00189D46 /* Frameworks */,
				1100D8651BF848AB00189D46 /* Resources */,
			);
			buildRules = (
			);
			dependencies = (
				1100D8691BF848AB00189D46 /* PBXTargetDependency */,
			);
			name = PrototypeBaseUITests;
			productName = PrototypeBaseUITests;
			productReference = 1100D8671BF848AB00189D46 /* PrototypeBaseUITests.xctest */;
			productType = "com.apple.product-type.bundle.ui-testing";
		};
/* End PBXNativeTarget section */

/* Begin PBXProject section */
		1100D83D1BF848AB00189D46 /* Project object */ = {
			isa = PBXProject;
			attributes = {
				LastUpgradeCheck = 0710;
				ORGANIZATIONNAME = "Bijit Halder";
				TargetAttributes = {
					1100D8441BF848AB00189D46 = {
						CreatedOnToolsVersion = 7.1;
					};
					1100D85B1BF848AB00189D46 = {
						CreatedOnToolsVersion = 7.1;
						TestTargetID = 1100D8441BF848AB00189D46;
					};
					1100D8661BF848AB00189D46 = {
						CreatedOnToolsVersion = 7.1;
						TestTargetID = 1100D8441BF848AB00189D46;
					};
				};
			};
			buildConfigurationList = 1100D8401BF848AB00189D46 /* Build configuration list for PBXProject "PrototypeBase" */;
			compatibilityVersion = "Xcode 3.2";
			developmentRegion = English;
			hasScannedForEncodings = 0;
			knownRegions = (
				en,
				Base,
			);
			mainGroup = 1100D83C1BF848AB00189D46;
			productRefGroup = 1100D8461BF848AB00189D46 /* Products */;
			projectDirPath = "";
			projectRoot = "";
			targets = (
				1100D8441BF848AB00189D46 /* PrototypeBase */,
				1100D85B1BF848AB00189D46 /* PrototypeBaseTests */,
				1100D8661BF848AB00189D46 /* PrototypeBaseUITests */,
			);
		};
/* End PBXProject section */

/* Begin PBXResourcesBuildPhase section */
		1100D8431BF848AB00189D46 /* Resources */ = {
			isa = PBXResourcesBuildPhase;
			buildActionMask = 2147483647;
			files = (
				113B5DBD1C2A086500ED3D68 /* AICubeIconImage@2x.png in Resources */,
				113B5DBF1C2A086500ED3D68 /* AIMicrophoneControlImage.png in Resources */,
				1175A71C1C03AB3600862980 /* electronic_brain-256.png in Resources */,
				113B5DC11C2A086500ED3D68 /* AIMicrophoneControlImage@3x.png in Resources */,
				1100D8531BF848AB00189D46 /* Assets.xcassets in Resources */,
				1175A71F1C03AB3600862980 /* electronic_brain-gray-256.png in Resources */,
				1125189E1C04DF9F00E9ED8D /* RedMicButton.png in Resources */,
				1175A7241C03C2CC00862980 /* electronic_brain-gray-red-256.png in Resources */,
				113B5DBE1C2A086500ED3D68 /* AICubeIconImage@3x.png in Resources */,
				110BE5B41BFBA63300B9A61D /* railroad_crossing_bell.wav in Resources */,
				1100D87A1BF849F000189D46 /* Podfile in Resources */,
				110BE5B81BFBAEE100B9A61D /* pay.mp3 in Resources */,
				1175A7251C03C2CC00862980 /* electronic_brain-red-256.png in Resources */,
				113B5DC01C2A086500ED3D68 /* AIMicrophoneControlImage@2x.png in Resources */,
				1100D8871BF853FA00189D46 /* Default-568h@2x.png in Resources */,
				110BE5A41BFA8F2F00B9A61D /* Sertig.otf in Resources */,
				1175A7171C03A50500862980 /* Launch Screen.storyboard in Resources */,
				113B5DBC1C2A086500ED3D68 /* AICubeIconImage.png in Resources */,
			);
			runOnlyForDeploymentPostprocessing = 0;
		};
		1100D85A1BF848AB00189D46 /* Resources */ = {
			isa = PBXResourcesBuildPhase;
			buildActionMask = 2147483647;
			files = (
				1125189F1C04DF9F00E9ED8D /* RedMicButton.png in Resources */,
				1175A71D1C03AB3600862980 /* electronic_brain-256.png in Resources */,
				110BE5B51BFBA63300B9A61D /* railroad_crossing_bell.wav in Resources */,
				1100D8881BF853FA00189D46 /* Default-568h@2x.png in Resources */,
				110BE5A51BFA8F3100B9A61D /* Sertig.otf in Resources */,
				1175A7201C03AB3600862980 /* electronic_brain-gray-256.png in Resources */,
				110BE5B91BFBAEE100B9A61D /* pay.mp3 in Resources */,
			);
			runOnlyForDeploymentPostprocessing = 0;
		};
		1100D8651BF848AB00189D46 /* Resources */ = {
			isa = PBXResourcesBuildPhase;
			buildActionMask = 2147483647;
			files = (
				112518A01C04DF9F00E9ED8D /* RedMicButton.png in Resources */,
				1175A71E1C03AB3600862980 /* electronic_brain-256.png in Resources */,
				110BE5B61BFBA63300B9A61D /* railroad_crossing_bell.wav in Resources */,
				1100D8891BF853FA00189D46 /* Default-568h@2x.png in Resources */,
				110BE5A61BFA8F3200B9A61D /* Sertig.otf in Resources */,
				1175A7211C03AB3600862980 /* electronic_brain-gray-256.png in Resources */,
				110BE5BA1BFBAEE100B9A61D /* pay.mp3 in Resources */,
			);
			runOnlyForDeploymentPostprocessing = 0;
		};
/* End PBXResourcesBuildPhase section */

/* Begin PBXShellScriptBuildPhase section */
		09CFBAC234AF06A4E49C9431 /* Embed Pods Frameworks */ = {
			isa = PBXShellScriptBuildPhase;
			buildActionMask = 2147483647;
			files = (
			);
			inputPaths = (
			);
			name = "Embed Pods Frameworks";
			outputPaths = (
			);
			runOnlyForDeploymentPostprocessing = 0;
			shellPath = /bin/sh;
			shellScript = "\"${SRCROOT}/Pods/Target Support Files/Pods-PrototypeBase/Pods-PrototypeBase-frameworks.sh\"\n";
			showEnvVarsInLog = 0;
		};
		25FA92C8174E52ED54095F6E /* Copy Pods Resources */ = {
			isa = PBXShellScriptBuildPhase;
			buildActionMask = 2147483647;
			files = (
			);
			inputPaths = (
			);
			name = "Copy Pods Resources";
			outputPaths = (
			);
			runOnlyForDeploymentPostprocessing = 0;
			shellPath = /bin/sh;
			shellScript = "\"${SRCROOT}/Pods/Target Support Files/Pods-PrototypeBase/Pods-PrototypeBase-resources.sh\"\n";
			showEnvVarsInLog = 0;
		};
		5AF23ED3C2EC56FDCF7FFBFB /* Check Pods Manifest.lock */ = {
			isa = PBXShellScriptBuildPhase;
			buildActionMask = 2147483647;
			files = (
			);
			inputPaths = (
			);
			name = "Check Pods Manifest.lock";
			outputPaths = (
			);
			runOnlyForDeploymentPostprocessing = 0;
			shellPath = /bin/sh;
			shellScript = "diff \"${PODS_ROOT}/../Podfile.lock\" \"${PODS_ROOT}/Manifest.lock\" > /dev/null\nif [[ $? != 0 ]] ; then\n    cat << EOM\nerror: The sandbox is not in sync with the Podfile.lock. Run 'pod install' or update your CocoaPods installation.\nEOM\n    exit 1\nfi\n";
			showEnvVarsInLog = 0;
		};
/* End PBXShellScriptBuildPhase section */

/* Begin PBXSourcesBuildPhase section */
		1100D8411BF848AB00189D46 /* Sources */ = {
			isa = PBXSourcesBuildPhase;
			buildActionMask = 2147483647;
			files = (
				11D1C2E31C484F8000CDE3FD /* MapViewController.swift in Sources */,
				110BDC081C0652B500EBA131 /* InputSupport.m in Sources */,
				1100D8511BF848AB00189D46 /* PrototypeBase.xcdatamodeld in Sources */,
				115561A91C4585C8006A8365 /* ErrorManager.swift in Sources */,
				1100D88E1BF854D600189D46 /* UIColor+AppColor.swift in Sources */,
				115561A71C4585C8006A8365 /* CommandManager.swift in Sources */,
				110BDC0B1C0652D200EBA131 /* ASRSoundSupport.m in Sources */,
				113B5D811C24930C00ED3D68 /* ApiAiManager.swift in Sources */,
				113B5DC51C2B59D400ED3D68 /* MapViewManager.swift in Sources */,
				110BE5AF1BFB9FEC00B9A61D /* AppAudioManager.swift in Sources */,
				113B5D861C249A7400ED3D68 /* ApiAiViewController.swift in Sources */,
				1100D84B1BF848AB00189D46 /* MainViewController.swift in Sources */,
				1125189A1C04DF6A00E9ED8D /* SpeechViewController.swift in Sources */,
				110BDBFC1C06475A00EBA131 /* DemoServerHelper.m in Sources */,
				1100D8491BF848AB00189D46 /* AppDelegate.swift in Sources */,
				115561AA1C4585C8006A8365 /* PromptManager.swift in Sources */,
				113B5DB21C28855200ED3D68 /* SpeechManager.swift in Sources */,
				110BDBFF1C06478600EBA131 /* ASRServerConfigManager.m in Sources */,
				113B5DAE1C24E83300ED3D68 /* ApiAiTextButtonViewController.swift in Sources */,
				11998F9F1C04EE86009840E8 /* ServerManager.swift in Sources */,
				1100D8921BF8919400189D46 /* AppUIManager.swift in Sources */,
				110BE5AB1BFB9F0500B9A61D /* CommonUtils.swift in Sources */,
				116123621C46CDE80093B617 /* ContextManager.swift in Sources */,
				110BDBF61C06456200EBA131 /* SoundFileHelper.m in Sources */,
				110BDC021C06527500EBA131 /* NSUserDefaults+ASRSupport.m in Sources */,
				110BE5A81BFA8FC700B9A61D /* AppUIAppearanceManager.swift in Sources */,
				115561A81C4585C8006A8365 /* DialogueManager.swift in Sources */,
				116C352B1C050D4300DF2AB4 /* ASRBatchAPI.m in Sources */,
				110BDBF91C06473200EBA131 /* ASRServerConfig.m in Sources */,
				11D1C2E51C484FC300CDE3FD /* MKMapViewManager.swift in Sources */,
				110BDC051C06528F00EBA131 /* DemoHelper.m in Sources */,
				113B5DC31C2A1A2300ED3D68 /* ScoutMapManager.swift in Sources */,
			);
			runOnlyForDeploymentPostprocessing = 0;
		};
		1100D8581BF848AB00189D46 /* Sources */ = {
			isa = PBXSourcesBuildPhase;
			buildActionMask = 2147483647;
			files = (
				113B5D821C24930C00ED3D68 /* ApiAiManager.swift in Sources */,
				1100D8611BF848AB00189D46 /* PrototypeBaseTests.swift in Sources */,
				1100D8931BF8919400189D46 /* AppUIManager.swift in Sources */,
				110BE5AC1BFB9F0500B9A61D /* CommonUtils.swift in Sources */,
				110BE5B01BFB9FEC00B9A61D /* AppAudioManager.swift in Sources */,
				1125189B1C04DF6A00E9ED8D /* SpeechViewController.swift in Sources */,
				1100D88F1BF854D600189D46 /* UIColor+AppColor.swift in Sources */,
			);
			runOnlyForDeploymentPostprocessing = 0;
		};
		1100D8631BF848AB00189D46 /* Sources */ = {
			isa = PBXSourcesBuildPhase;
			buildActionMask = 2147483647;
			files = (
				1100D86C1BF848AB00189D46 /* PrototypeBaseUITests.swift in Sources */,
				1100D8941BF8919400189D46 /* AppUIManager.swift in Sources */,
				110BE5AD1BFB9F0500B9A61D /* CommonUtils.swift in Sources */,
				110BE5B11BFB9FEC00B9A61D /* AppAudioManager.swift in Sources */,
				1125189C1C04DF6A00E9ED8D /* SpeechViewController.swift in Sources */,
				1100D8901BF854D600189D46 /* UIColor+AppColor.swift in Sources */,
			);
			runOnlyForDeploymentPostprocessing = 0;
		};
/* End PBXSourcesBuildPhase section */

/* Begin PBXTargetDependency section */
		1100D85E1BF848AB00189D46 /* PBXTargetDependency */ = {
			isa = PBXTargetDependency;
			target = 1100D8441BF848AB00189D46 /* PrototypeBase */;
			targetProxy = 1100D85D1BF848AB00189D46 /* PBXContainerItemProxy */;
		};
		1100D8691BF848AB00189D46 /* PBXTargetDependency */ = {
			isa = PBXTargetDependency;
			target = 1100D8441BF848AB00189D46 /* PrototypeBase */;
			targetProxy = 1100D8681BF848AB00189D46 /* PBXContainerItemProxy */;
		};
/* End PBXTargetDependency section */

/* Begin XCBuildConfiguration section */
		1100D86E1BF848AB00189D46 /* Debug */ = {
			isa = XCBuildConfiguration;
			buildSettings = {
				ALWAYS_SEARCH_USER_PATHS = NO;
				CLANG_CXX_LANGUAGE_STANDARD = "gnu++0x";
				CLANG_CXX_LIBRARY = "libc++";
				CLANG_ENABLE_MODULES = YES;
				CLANG_ENABLE_OBJC_ARC = YES;
				CLANG_WARN_BOOL_CONVERSION = YES;
				CLANG_WARN_CONSTANT_CONVERSION = YES;
				CLANG_WARN_DIRECT_OBJC_ISA_USAGE = YES_ERROR;
				CLANG_WARN_EMPTY_BODY = YES;
				CLANG_WARN_ENUM_CONVERSION = YES;
				CLANG_WARN_INT_CONVERSION = YES;
				CLANG_WARN_OBJC_ROOT_CLASS = YES_ERROR;
				CLANG_WARN_UNREACHABLE_CODE = YES;
				CLANG_WARN__DUPLICATE_METHOD_MATCH = YES;
				"CODE_SIGN_IDENTITY[sdk=iphoneos*]" = "iPhone Developer";
				COPY_PHASE_STRIP = NO;
				DEBUG_INFORMATION_FORMAT = dwarf;
				ENABLE_STRICT_OBJC_MSGSEND = YES;
				ENABLE_TESTABILITY = YES;
				GCC_C_LANGUAGE_STANDARD = gnu99;
				GCC_DYNAMIC_NO_PIC = NO;
				GCC_NO_COMMON_BLOCKS = YES;
				GCC_OPTIMIZATION_LEVEL = 0;
				GCC_PREPROCESSOR_DEFINITIONS = (
					"DEBUG=1",
					"$(inherited)",
				);
				GCC_WARN_64_TO_32_BIT_CONVERSION = YES;
				GCC_WARN_ABOUT_RETURN_TYPE = YES_ERROR;
				GCC_WARN_UNDECLARED_SELECTOR = YES;
				GCC_WARN_UNINITIALIZED_AUTOS = YES_AGGRESSIVE;
				GCC_WARN_UNUSED_FUNCTION = YES;
				GCC_WARN_UNUSED_VARIABLE = YES;
				IPHONEOS_DEPLOYMENT_TARGET = 9.1;
				MTL_ENABLE_DEBUG_INFO = YES;
				ONLY_ACTIVE_ARCH = YES;
				OTHER_LDFLAGS = "-ObjC";
				SDKROOT = iphoneos;
				SWIFT_OPTIMIZATION_LEVEL = "-Onone";
			};
			name = Debug;
		};
		1100D86F1BF848AB00189D46 /* Release */ = {
			isa = XCBuildConfiguration;
			buildSettings = {
				ALWAYS_SEARCH_USER_PATHS = NO;
				CLANG_CXX_LANGUAGE_STANDARD = "gnu++0x";
				CLANG_CXX_LIBRARY = "libc++";
				CLANG_ENABLE_MODULES = YES;
				CLANG_ENABLE_OBJC_ARC = YES;
				CLANG_WARN_BOOL_CONVERSION = YES;
				CLANG_WARN_CONSTANT_CONVERSION = YES;
				CLANG_WARN_DIRECT_OBJC_ISA_USAGE = YES_ERROR;
				CLANG_WARN_EMPTY_BODY = YES;
				CLANG_WARN_ENUM_CONVERSION = YES;
				CLANG_WARN_INT_CONVERSION = YES;
				CLANG_WARN_OBJC_ROOT_CLASS = YES_ERROR;
				CLANG_WARN_UNREACHABLE_CODE = YES;
				CLANG_WARN__DUPLICATE_METHOD_MATCH = YES;
				"CODE_SIGN_IDENTITY[sdk=iphoneos*]" = "iPhone Developer";
				COPY_PHASE_STRIP = NO;
				DEBUG_INFORMATION_FORMAT = "dwarf-with-dsym";
				ENABLE_NS_ASSERTIONS = NO;
				ENABLE_STRICT_OBJC_MSGSEND = YES;
				GCC_C_LANGUAGE_STANDARD = gnu99;
				GCC_NO_COMMON_BLOCKS = YES;
				GCC_WARN_64_TO_32_BIT_CONVERSION = YES;
				GCC_WARN_ABOUT_RETURN_TYPE = YES_ERROR;
				GCC_WARN_UNDECLARED_SELECTOR = YES;
				GCC_WARN_UNINITIALIZED_AUTOS = YES_AGGRESSIVE;
				GCC_WARN_UNUSED_FUNCTION = YES;
				GCC_WARN_UNUSED_VARIABLE = YES;
				IPHONEOS_DEPLOYMENT_TARGET = 9.1;
				MTL_ENABLE_DEBUG_INFO = NO;
				OTHER_LDFLAGS = "-ObjC";
				SDKROOT = iphoneos;
				VALIDATE_PRODUCT = YES;
			};
			name = Release;
		};
		1100D8711BF848AB00189D46 /* Debug */ = {
			isa = XCBuildConfiguration;
			baseConfigurationReference = BDA0C0B5E1AA7E792C5ACA63 /* Pods-PrototypeBase.debug.xcconfig */;
			buildSettings = {
				ASSETCATALOG_COMPILER_APPICON_NAME = AppIcon;
				CLANG_ENABLE_MODULES = YES;
				DEPLOYMENT_POSTPROCESSING = YES;
				ENABLE_BITCODE = NO;
				FRAMEWORK_SEARCH_PATHS = (
					"$(inherited)",
					"$(PROJECT_DIR)",
				);
				INFOPLIST_FILE = PrototypeBase/Info.plist;
				LD_RUNPATH_SEARCH_PATHS = "$(inherited) @executable_path/Frameworks";
				PRODUCT_BUNDLE_IDENTIFIER = com.merakee.PrototypeBase;
				PRODUCT_NAME = "$(TARGET_NAME)";
				SWIFT_OBJC_BRIDGING_HEADER = "PrototypeBase/PrototypeBase-Bridging-Header.h";
				SWIFT_OPTIMIZATION_LEVEL = "-Onone";
			};
			name = Debug;
		};
		1100D8721BF848AB00189D46 /* Release */ = {
			isa = XCBuildConfiguration;
			baseConfigurationReference = 84592943D0710470358FE4D4 /* Pods-PrototypeBase.release.xcconfig */;
			buildSettings = {
				ASSETCATALOG_COMPILER_APPICON_NAME = AppIcon;
				CLANG_ENABLE_MODULES = YES;
				DEPLOYMENT_POSTPROCESSING = YES;
				ENABLE_BITCODE = NO;
				FRAMEWORK_SEARCH_PATHS = (
					"$(inherited)",
					"$(PROJECT_DIR)",
				);
				INFOPLIST_FILE = PrototypeBase/Info.plist;
				LD_RUNPATH_SEARCH_PATHS = "$(inherited) @executable_path/Frameworks";
				PRODUCT_BUNDLE_IDENTIFIER = com.merakee.PrototypeBase;
				PRODUCT_NAME = "$(TARGET_NAME)";
				SWIFT_OBJC_BRIDGING_HEADER = "PrototypeBase/PrototypeBase-Bridging-Header.h";
			};
			name = Release;
		};
		1100D8741BF848AB00189D46 /* Debug */ = {
			isa = XCBuildConfiguration;
			buildSettings = {
				BUNDLE_LOADER = "$(TEST_HOST)";
				CLANG_ENABLE_MODULES = YES;
				FRAMEWORK_SEARCH_PATHS = (
					"$(inherited)",
					"$(PROJECT_DIR)",
				);
				INFOPLIST_FILE = PrototypeBaseTests/Info.plist;
				LD_RUNPATH_SEARCH_PATHS = "$(inherited) @executable_path/Frameworks @loader_path/Frameworks";
				PRODUCT_BUNDLE_IDENTIFIER = com.merakee.PrototypeBaseTests;
				PRODUCT_NAME = "$(TARGET_NAME)";
				SWIFT_OBJC_BRIDGING_HEADER = "PrototypeBase/PrototypeBaseTests-Bridging-Header.h";
				SWIFT_OPTIMIZATION_LEVEL = "-Onone";
				TEST_HOST = "$(BUILT_PRODUCTS_DIR)/PrototypeBase.app/PrototypeBase";
			};
			name = Debug;
		};
		1100D8751BF848AB00189D46 /* Release */ = {
			isa = XCBuildConfiguration;
			buildSettings = {
				BUNDLE_LOADER = "$(TEST_HOST)";
				CLANG_ENABLE_MODULES = YES;
				FRAMEWORK_SEARCH_PATHS = (
					"$(inherited)",
					"$(PROJECT_DIR)",
				);
				INFOPLIST_FILE = PrototypeBaseTests/Info.plist;
				LD_RUNPATH_SEARCH_PATHS = "$(inherited) @executable_path/Frameworks @loader_path/Frameworks";
				PRODUCT_BUNDLE_IDENTIFIER = com.merakee.PrototypeBaseTests;
				PRODUCT_NAME = "$(TARGET_NAME)";
				SWIFT_OBJC_BRIDGING_HEADER = "PrototypeBase/PrototypeBaseTests-Bridging-Header.h";
				TEST_HOST = "$(BUILT_PRODUCTS_DIR)/PrototypeBase.app/PrototypeBase";
			};
			name = Release;
		};
		1100D8771BF848AB00189D46 /* Debug */ = {
			isa = XCBuildConfiguration;
			buildSettings = {
				CLANG_ENABLE_MODULES = YES;
				FRAMEWORK_SEARCH_PATHS = (
					"$(inherited)",
					"$(PROJECT_DIR)",
				);
				INFOPLIST_FILE = PrototypeBaseUITests/Info.plist;
				LD_RUNPATH_SEARCH_PATHS = "$(inherited) @executable_path/Frameworks @loader_path/Frameworks";
				PRODUCT_BUNDLE_IDENTIFIER = com.merakee.PrototypeBaseUITests;
				PRODUCT_NAME = "$(TARGET_NAME)";
				SWIFT_OBJC_BRIDGING_HEADER = "PrototypeBase/PrototypeBaseUITests-Bridging-Header.h";
				SWIFT_OPTIMIZATION_LEVEL = "-Onone";
				TEST_TARGET_NAME = PrototypeBase;
				USES_XCTRUNNER = YES;
			};
			name = Debug;
		};
		1100D8781BF848AB00189D46 /* Release */ = {
			isa = XCBuildConfiguration;
			buildSettings = {
				CLANG_ENABLE_MODULES = YES;
				FRAMEWORK_SEARCH_PATHS = (
					"$(inherited)",
					"$(PROJECT_DIR)",
				);
				INFOPLIST_FILE = PrototypeBaseUITests/Info.plist;
				LD_RUNPATH_SEARCH_PATHS = "$(inherited) @executable_path/Frameworks @loader_path/Frameworks";
				PRODUCT_BUNDLE_IDENTIFIER = com.merakee.PrototypeBaseUITests;
				PRODUCT_NAME = "$(TARGET_NAME)";
				SWIFT_OBJC_BRIDGING_HEADER = "PrototypeBase/PrototypeBaseUITests-Bridging-Header.h";
				TEST_TARGET_NAME = PrototypeBase;
				USES_XCTRUNNER = YES;
			};
			name = Release;
		};
/* End XCBuildConfiguration section */

/* Begin XCConfigurationList section */
		1100D8401BF848AB00189D46 /* Build configuration list for PBXProject "PrototypeBase" */ = {
			isa = XCConfigurationList;
			buildConfigurations = (
				1100D86E1BF848AB00189D46 /* Debug */,
				1100D86F1BF848AB00189D46 /* Release */,
			);
			defaultConfigurationIsVisible = 0;
			defaultConfigurationName = Release;
		};
		1100D8701BF848AB00189D46 /* Build configuration list for PBXNativeTarget "PrototypeBase" */ = {
			isa = XCConfigurationList;
			buildConfigurations = (
				1100D8711BF848AB00189D46 /* Debug */,
				1100D8721BF848AB00189D46 /* Release */,
			);
			defaultConfigurationIsVisible = 0;
			defaultConfigurationName = Release;
		};
		1100D8731BF848AB00189D46 /* Build configuration list for PBXNativeTarget "PrototypeBaseTests" */ = {
			isa = XCConfigurationList;
			buildConfigurations = (
				1100D8741BF848AB00189D46 /* Debug */,
				1100D8751BF848AB00189D46 /* Release */,
			);
			defaultConfigurationIsVisible = 0;
			defaultConfigurationName = Release;
		};
		1100D8761BF848AB00189D46 /* Build configuration list for PBXNativeTarget "PrototypeBaseUITests" */ = {
			isa = XCConfigurationList;
			buildConfigurations = (
				1100D8771BF848AB00189D46 /* Debug */,
				1100D8781BF848AB00189D46 /* Release */,
			);
			defaultConfigurationIsVisible = 0;
			defaultConfigurationName = Release;
		};
/* End XCConfigurationList section */

/* Begin XCVersionGroup section */
		1100D84F1BF848AB00189D46 /* PrototypeBase.xcdatamodeld */ = {
			isa = XCVersionGroup;
			children = (
				1100D8501BF848AB00189D46 /* PrototypeBase.xcdatamodel */,
			);
			currentVersion = 1100D8501BF848AB00189D46 /* PrototypeBase.xcdatamodel */;
			path = PrototypeBase.xcdatamodeld;
			sourceTree = "<group>";
			versionGroupType = wrapper.xcdatamodel;
		};
/* End XCVersionGroup section */
	};
	rootObject = 1100D83D1BF848AB00189D46 /* Project object */;
}
